// !$*UTF8*$!
{
	archiveVersion = 1;
	classes = {
	};
	objectVersion = 56;
	objects = {

/* Begin PBXBuildFile section */
		B699BD672A7CE2BB00DE2575 /* AppDelegate.swift in Sources */ = {isa = PBXBuildFile; fileRef = B699BD662A7CE2BB00DE2575 /* AppDelegate.swift */; };
		B699BD692A7CE2BB00DE2575 /* SceneDelegate.swift in Sources */ = {isa = PBXBuildFile; fileRef = B699BD682A7CE2BB00DE2575 /* SceneDelegate.swift */; };
		B699BD6B2A7CE2BB00DE2575 /* TamagotchiMainViewController.swift in Sources */ = {isa = PBXBuildFile; fileRef = B699BD6A2A7CE2BB00DE2575 /* TamagotchiMainViewController.swift */; };
		B699BD6E2A7CE2BB00DE2575 /* Main.storyboard in Resources */ = {isa = PBXBuildFile; fileRef = B699BD6C2A7CE2BB00DE2575 /* Main.storyboard */; };
		B699BD702A7CE2BC00DE2575 /* Assets.xcassets in Resources */ = {isa = PBXBuildFile; fileRef = B699BD6F2A7CE2BC00DE2575 /* Assets.xcassets */; };
		B699BD732A7CE2BC00DE2575 /* LaunchScreen.storyboard in Resources */ = {isa = PBXBuildFile; fileRef = B699BD712A7CE2BC00DE2575 /* LaunchScreen.storyboard */; };
		B699BD7B2A7CE43800DE2575 /* TamagotchiSelectViewController.swift in Sources */ = {isa = PBXBuildFile; fileRef = B699BD7A2A7CE43800DE2575 /* TamagotchiSelectViewController.swift */; };
		B699BD842A7CE69200DE2575 /* TamagotchiSelectCollectionViewCell.swift in Sources */ = {isa = PBXBuildFile; fileRef = B699BD822A7CE69200DE2575 /* TamagotchiSelectCollectionViewCell.swift */; };
		B699BD852A7CE69200DE2575 /* TamagotchiSelectCollectionViewCell.xib in Resources */ = {isa = PBXBuildFile; fileRef = B699BD832A7CE69200DE2575 /* TamagotchiSelectCollectionViewCell.xib */; };
		B699BD8A2A7CECB300DE2575 /* Tamagotchi.swift in Sources */ = {isa = PBXBuildFile; fileRef = B699BD892A7CECB300DE2575 /* Tamagotchi.swift */; };
		B699BD8F2A7D00C700DE2575 /* Strings.swift in Sources */ = {isa = PBXBuildFile; fileRef = B699BD8E2A7D00C700DE2575 /* Strings.swift */; };
		B699BD922A7D017100DE2575 /* Extension+UIColor.swift in Sources */ = {isa = PBXBuildFile; fileRef = B699BD912A7D017100DE2575 /* Extension+UIColor.swift */; };
		B699BD982A7D03FE00DE2575 /* Colors.swift in Sources */ = {isa = PBXBuildFile; fileRef = B699BD972A7D03FE00DE2575 /* Colors.swift */; };
		B699BD9A2A7D0E2400DE2575 /* TamagotchiSelectedModalViewController.swift in Sources */ = {isa = PBXBuildFile; fileRef = B699BD992A7D0E2400DE2575 /* TamagotchiSelectedModalViewController.swift */; };
/* End PBXBuildFile section */

/* Begin PBXFileReference section */
		B699BD632A7CE2BB00DE2575 /* Tamagotchi App.app */ = {isa = PBXFileReference; explicitFileType = wrapper.application; includeInIndex = 0; path = "Tamagotchi App.app"; sourceTree = BUILT_PRODUCTS_DIR; };
		B699BD662A7CE2BB00DE2575 /* AppDelegate.swift */ = {isa = PBXFileReference; lastKnownFileType = sourcecode.swift; path = AppDelegate.swift; sourceTree = "<group>"; };
		B699BD682A7CE2BB00DE2575 /* SceneDelegate.swift */ = {isa = PBXFileReference; lastKnownFileType = sourcecode.swift; path = SceneDelegate.swift; sourceTree = "<group>"; };
		B699BD6A2A7CE2BB00DE2575 /* TamagotchiMainViewController.swift */ = {isa = PBXFileReference; lastKnownFileType = sourcecode.swift; path = TamagotchiMainViewController.swift; sourceTree = "<group>"; };
		B699BD6D2A7CE2BB00DE2575 /* Base */ = {isa = PBXFileReference; lastKnownFileType = file.storyboard; name = Base; path = Base.lproj/Main.storyboard; sourceTree = "<group>"; };
		B699BD6F2A7CE2BC00DE2575 /* Assets.xcassets */ = {isa = PBXFileReference; lastKnownFileType = folder.assetcatalog; path = Assets.xcassets; sourceTree = "<group>"; };
		B699BD722A7CE2BC00DE2575 /* Base */ = {isa = PBXFileReference; lastKnownFileType = file.storyboard; name = Base; path = Base.lproj/LaunchScreen.storyboard; sourceTree = "<group>"; };
		B699BD742A7CE2BC00DE2575 /* Info.plist */ = {isa = PBXFileReference; lastKnownFileType = text.plist.xml; path = Info.plist; sourceTree = "<group>"; };
		B699BD7A2A7CE43800DE2575 /* TamagotchiSelectViewController.swift */ = {isa = PBXFileReference; lastKnownFileType = sourcecode.swift; path = TamagotchiSelectViewController.swift; sourceTree = "<group>"; };
		B699BD822A7CE69200DE2575 /* TamagotchiSelectCollectionViewCell.swift */ = {isa = PBXFileReference; lastKnownFileType = sourcecode.swift; path = TamagotchiSelectCollectionViewCell.swift; sourceTree = "<group>"; };
		B699BD832A7CE69200DE2575 /* TamagotchiSelectCollectionViewCell.xib */ = {isa = PBXFileReference; lastKnownFileType = file.xib; path = TamagotchiSelectCollectionViewCell.xib; sourceTree = "<group>"; };
		B699BD892A7CECB300DE2575 /* Tamagotchi.swift */ = {isa = PBXFileReference; lastKnownFileType = sourcecode.swift; path = Tamagotchi.swift; sourceTree = "<group>"; };
		B699BD8E2A7D00C700DE2575 /* Strings.swift */ = {isa = PBXFileReference; lastKnownFileType = sourcecode.swift; path = Strings.swift; sourceTree = "<group>"; };
		B699BD912A7D017100DE2575 /* Extension+UIColor.swift */ = {isa = PBXFileReference; lastKnownFileType = sourcecode.swift; path = "Extension+UIColor.swift"; sourceTree = "<group>"; };
		B699BD972A7D03FE00DE2575 /* Colors.swift */ = {isa = PBXFileReference; lastKnownFileType = sourcecode.swift; path = Colors.swift; sourceTree = "<group>"; };
		B699BD992A7D0E2400DE2575 /* TamagotchiSelectedModalViewController.swift */ = {isa = PBXFileReference; lastKnownFileType = sourcecode.swift; path = TamagotchiSelectedModalViewController.swift; sourceTree = "<group>"; };
/* End PBXFileReference section */

/* Begin PBXFrameworksBuildPhase section */
		B699BD602A7CE2BB00DE2575 /* Frameworks */ = {
			isa = PBXFrameworksBuildPhase;
			buildActionMask = 2147483647;
			files = (
			);
			runOnlyForDeploymentPostprocessing = 0;
		};
/* End PBXFrameworksBuildPhase section */

/* Begin PBXGroup section */
		B699BD5A2A7CE2BB00DE2575 = {
			isa = PBXGroup;
			children = (
				B699BD652A7CE2BB00DE2575 /* Tamagotchi App */,
				B699BD642A7CE2BB00DE2575 /* Products */,
			);
			sourceTree = "<group>";
		};
		B699BD642A7CE2BB00DE2575 /* Products */ = {
			isa = PBXGroup;
			children = (
				B699BD632A7CE2BB00DE2575 /* Tamagotchi App.app */,
			);
			name = Products;
			sourceTree = "<group>";
		};
		B699BD652A7CE2BB00DE2575 /* Tamagotchi App */ = {
			isa = PBXGroup;
			children = (
				B699BD7C2A7CE44200DE2575 /* App */,
				B699BD902A7D015000DE2575 /* Extensions */,
				B699BD662A7CE2BB00DE2575 /* AppDelegate.swift */,
				B699BD682A7CE2BB00DE2575 /* SceneDelegate.swift */,
				B699BD6F2A7CE2BC00DE2575 /* Assets.xcassets */,
				B699BD742A7CE2BC00DE2575 /* Info.plist */,
			);
			path = "Tamagotchi App";
			sourceTree = "<group>";
		};
		B699BD7C2A7CE44200DE2575 /* App */ = {
			isa = PBXGroup;
			children = (
				B699BD8D2A7D00B000DE2575 /* Constants */,
				B699BD7E2A7CE57F00DE2575 /* Models */,
				B699BD7D2A7CE57A00DE2575 /* Views */,
				B699BD7F2A7CE58400DE2575 /* Controllers */,
			);
			path = App;
			sourceTree = "<group>";
		};
		B699BD7D2A7CE57A00DE2575 /* Views */ = {
			isa = PBXGroup;
			children = (
				B699BD872A7CE81B00DE2575 /* Components */,
				B699BD862A7CE81500DE2575 /* Splash */,
				B699BD6C2A7CE2BB00DE2575 /* Main.storyboard */,
			);
			path = Views;
			sourceTree = "<group>";
		};
		B699BD7E2A7CE57F00DE2575 /* Models */ = {
			isa = PBXGroup;
			children = (
				B699BD892A7CECB300DE2575 /* Tamagotchi.swift */,
			);
			path = Models;
			sourceTree = "<group>";
		};
		B699BD7F2A7CE58400DE2575 /* Controllers */ = {
			isa = PBXGroup;
			children = (
				B699BD6A2A7CE2BB00DE2575 /* TamagotchiMainViewController.swift */,
				B699BD7A2A7CE43800DE2575 /* TamagotchiSelectViewController.swift */,
				B699BD992A7D0E2400DE2575 /* TamagotchiSelectedModalViewController.swift */,
			);
			path = Controllers;
			sourceTree = "<group>";
		};
		B699BD862A7CE81500DE2575 /* Splash */ = {
			isa = PBXGroup;
			children = (
				B699BD712A7CE2BC00DE2575 /* LaunchScreen.storyboard */,
			);
			path = Splash;
			sourceTree = "<group>";
		};
		B699BD872A7CE81B00DE2575 /* Components */ = {
			isa = PBXGroup;
			children = (
				B699BD822A7CE69200DE2575 /* TamagotchiSelectCollectionViewCell.swift */,
				B699BD832A7CE69200DE2575 /* TamagotchiSelectCollectionViewCell.xib */,
			);
			path = Components;
			sourceTree = "<group>";
		};
		B699BD8D2A7D00B000DE2575 /* Constants */ = {
			isa = PBXGroup;
			children = (
				B699BD8E2A7D00C700DE2575 /* Strings.swift */,
				B699BD972A7D03FE00DE2575 /* Colors.swift */,
			);
			path = Constants;
			sourceTree = "<group>";
		};
		B699BD902A7D015000DE2575 /* Extensions */ = {
			isa = PBXGroup;
			children = (
				B699BD912A7D017100DE2575 /* Extension+UIColor.swift */,
			);
			path = Extensions;
			sourceTree = "<group>";
		};
/* End PBXGroup section */

/* Begin PBXNativeTarget section */
		B699BD622A7CE2BB00DE2575 /* Tamagotchi App */ = {
			isa = PBXNativeTarget;
			buildConfigurationList = B699BD772A7CE2BC00DE2575 /* Build configuration list for PBXNativeTarget "Tamagotchi App" */;
			buildPhases = (
				B699BD5F2A7CE2BB00DE2575 /* Sources */,
				B699BD602A7CE2BB00DE2575 /* Frameworks */,
				B699BD612A7CE2BB00DE2575 /* Resources */,
			);
			buildRules = (
			);
			dependencies = (
			);
			name = "Tamagotchi App";
			productName = "Tamagotchi App";
			productReference = B699BD632A7CE2BB00DE2575 /* Tamagotchi App.app */;
			productType = "com.apple.product-type.application";
		};
/* End PBXNativeTarget section */

/* Begin PBXProject section */
		B699BD5B2A7CE2BB00DE2575 /* Project object */ = {
			isa = PBXProject;
			attributes = {
				BuildIndependentTargetsInParallel = 1;
				LastSwiftUpdateCheck = 1430;
				LastUpgradeCheck = 1430;
				TargetAttributes = {
					B699BD622A7CE2BB00DE2575 = {
						CreatedOnToolsVersion = 14.3.1;
					};
				};
			};
			buildConfigurationList = B699BD5E2A7CE2BB00DE2575 /* Build configuration list for PBXProject "Tamagotchi App" */;
			compatibilityVersion = "Xcode 14.0";
			developmentRegion = en;
			hasScannedForEncodings = 0;
			knownRegions = (
				en,
				Base,
			);
			mainGroup = B699BD5A2A7CE2BB00DE2575;
			productRefGroup = B699BD642A7CE2BB00DE2575 /* Products */;
			projectDirPath = "";
			projectRoot = "";
			targets = (
				B699BD622A7CE2BB00DE2575 /* Tamagotchi App */,
			);
		};
/* End PBXProject section */

/* Begin PBXResourcesBuildPhase section */
		B699BD612A7CE2BB00DE2575 /* Resources */ = {
			isa = PBXResourcesBuildPhase;
			buildActionMask = 2147483647;
			files = (
				B699BD732A7CE2BC00DE2575 /* LaunchScreen.storyboard in Resources */,
				B699BD702A7CE2BC00DE2575 /* Assets.xcassets in Resources */,
				B699BD6E2A7CE2BB00DE2575 /* Main.storyboard in Resources */,
				B699BD852A7CE69200DE2575 /* TamagotchiSelectCollectionViewCell.xib in Resources */,
			);
			runOnlyForDeploymentPostprocessing = 0;
		};
/* End PBXResourcesBuildPhase section */

/* Begin PBXSourcesBuildPhase section */
		B699BD5F2A7CE2BB00DE2575 /* Sources */ = {
			isa = PBXSourcesBuildPhase;
			buildActionMask = 2147483647;
			files = (
				B699BD842A7CE69200DE2575 /* TamagotchiSelectCollectionViewCell.swift in Sources */,
				B699BD982A7D03FE00DE2575 /* Colors.swift in Sources */,
				B699BD6B2A7CE2BB00DE2575 /* TamagotchiMainViewController.swift in Sources */,
				B699BD672A7CE2BB00DE2575 /* AppDelegate.swift in Sources */,
				B699BD692A7CE2BB00DE2575 /* SceneDelegate.swift in Sources */,
				B699BD8A2A7CECB300DE2575 /* Tamagotchi.swift in Sources */,
				B699BD8F2A7D00C700DE2575 /* Strings.swift in Sources */,
				B699BD7B2A7CE43800DE2575 /* TamagotchiSelectViewController.swift in Sources */,
				B699BD9A2A7D0E2400DE2575 /* TamagotchiSelectedModalViewController.swift in Sources */,
				B699BD922A7D017100DE2575 /* Extension+UIColor.swift in Sources */,
			);
			runOnlyForDeploymentPostprocessing = 0;
		};
/* End PBXSourcesBuildPhase section */

/* Begin PBXVariantGroup section */
		B699BD6C2A7CE2BB00DE2575 /* Main.storyboard */ = {
			isa = PBXVariantGroup;
			children = (
				B699BD6D2A7CE2BB00DE2575 /* Base */,
			);
			name = Main.storyboard;
			sourceTree = "<group>";
		};
		B699BD712A7CE2BC00DE2575 /* LaunchScreen.storyboard */ = {
			isa = PBXVariantGroup;
			children = (
				B699BD722A7CE2BC00DE2575 /* Base */,
			);
			name = LaunchScreen.storyboard;
			sourceTree = "<group>";
		};
/* End PBXVariantGroup section */

/* Begin XCBuildConfiguration section */
		B699BD752A7CE2BC00DE2575 /* Debug */ = {
			isa = XCBuildConfiguration;
			buildSettings = {
				ALWAYS_SEARCH_USER_PATHS = NO;
				CLANG_ANALYZER_NONNULL = YES;
				CLANG_ANALYZER_NUMBER_OBJECT_CONVERSION = YES_AGGRESSIVE;
				CLANG_CXX_LANGUAGE_STANDARD = "gnu++20";
				CLANG_ENABLE_MODULES = YES;
				CLANG_ENABLE_OBJC_ARC = YES;
				CLANG_ENABLE_OBJC_WEAK = YES;
				CLANG_WARN_BLOCK_CAPTURE_AUTORELEASING = YES;
				CLANG_WARN_BOOL_CONVERSION = YES;
				CLANG_WARN_COMMA = YES;
				CLANG_WARN_CONSTANT_CONVERSION = YES;
				CLANG_WARN_DEPRECATED_OBJC_IMPLEMENTATIONS = YES;
				CLANG_WARN_DIRECT_OBJC_ISA_USAGE = YES_ERROR;
				CLANG_WARN_DOCUMENTATION_COMMENTS = YES;
				CLANG_WARN_EMPTY_BODY = YES;
				CLANG_WARN_ENUM_CONVERSION = YES;
				CLANG_WARN_INFINITE_RECURSION = YES;
				CLANG_WARN_INT_CONVERSION = YES;
				CLANG_WARN_NON_LITERAL_NULL_CONVERSION = YES;
				CLANG_WARN_OBJC_IMPLICIT_RETAIN_SELF = YES;
				CLANG_WARN_OBJC_LITERAL_CONVERSION = YES;
				CLANG_WARN_OBJC_ROOT_CLASS = YES_ERROR;
				CLANG_WARN_QUOTED_INCLUDE_IN_FRAMEWORK_HEADER = YES;
				CLANG_WARN_RANGE_LOOP_ANALYSIS = YES;
				CLANG_WARN_STRICT_PROTOTYPES = YES;
				CLANG_WARN_SUSPICIOUS_MOVE = YES;
				CLANG_WARN_UNGUARDED_AVAILABILITY = YES_AGGRESSIVE;
				CLANG_WARN_UNREACHABLE_CODE = YES;
				CLANG_WARN__DUPLICATE_METHOD_MATCH = YES;
				COPY_PHASE_STRIP = NO;
				DEBUG_INFORMATION_FORMAT = dwarf;
				ENABLE_STRICT_OBJC_MSGSEND = YES;
				ENABLE_TESTABILITY = YES;
				GCC_C_LANGUAGE_STANDARD = gnu11;
				GCC_DYNAMIC_NO_PIC = NO;
				GCC_NO_COMMON_BLOCKS = YES;
				GCC_OPTIMIZATION_LEVEL = 0;
				GCC_PREPROCESSOR_DEFINITIONS = (
					"DEBUG=1",
					"$(inherited)",
				);
				GCC_WARN_64_TO_32_BIT_CONVERSION = YES;
				GCC_WARN_ABOUT_RETURN_TYPE = YES_ERROR;
				GCC_WARN_UNDECLARED_SELECTOR = YES;
				GCC_WARN_UNINITIALIZED_AUTOS = YES_AGGRESSIVE;
				GCC_WARN_UNUSED_FUNCTION = YES;
				GCC_WARN_UNUSED_VARIABLE = YES;
				IPHONEOS_DEPLOYMENT_TARGET = 16.4;
				MTL_ENABLE_DEBUG_INFO = INCLUDE_SOURCE;
				MTL_FAST_MATH = YES;
				ONLY_ACTIVE_ARCH = YES;
				SDKROOT = iphoneos;
				SWIFT_ACTIVE_COMPILATION_CONDITIONS = DEBUG;
				SWIFT_OPTIMIZATION_LEVEL = "-Onone";
			};
			name = Debug;
		};
		B699BD762A7CE2BC00DE2575 /* Release */ = {
			isa = XCBuildConfiguration;
			buildSettings = {
				ALWAYS_SEARCH_USER_PATHS = NO;
				CLANG_ANALYZER_NONNULL = YES;
				CLANG_ANALYZER_NUMBER_OBJECT_CONVERSION = YES_AGGRESSIVE;
				CLANG_CXX_LANGUAGE_STANDARD = "gnu++20";
				CLANG_ENABLE_MODULES = YES;
				CLANG_ENABLE_OBJC_ARC = YES;
				CLANG_ENABLE_OBJC_WEAK = YES;
				CLANG_WARN_BLOCK_CAPTURE_AUTORELEASING = YES;
				CLANG_WARN_BOOL_CONVERSION = YES;
				CLANG_WARN_COMMA = YES;
				CLANG_WARN_CONSTANT_CONVERSION = YES;
				CLANG_WARN_DEPRECATED_OBJC_IMPLEMENTATIONS = YES;
				CLANG_WARN_DIRECT_OBJC_ISA_USAGE = YES_ERROR;
				CLANG_WARN_DOCUMENTATION_COMMENTS = YES;
				CLANG_WARN_EMPTY_BODY = YES;
				CLANG_WARN_ENUM_CONVERSION = YES;
				CLANG_WARN_INFINITE_RECURSION = YES;
				CLANG_WARN_INT_CONVERSION = YES;
				CLANG_WARN_NON_LITERAL_NULL_CONVERSION = YES;
				CLANG_WARN_OBJC_IMPLICIT_RETAIN_SELF = YES;
				CLANG_WARN_OBJC_LITERAL_CONVERSION = YES;
				CLANG_WARN_OBJC_ROOT_CLASS = YES_ERROR;
				CLANG_WARN_QUOTED_INCLUDE_IN_FRAMEWORK_HEADER = YES;
				CLANG_WARN_RANGE_LOOP_ANALYSIS = YES;
				CLANG_WARN_STRICT_PROTOTYPES = YES;
				CLANG_WARN_SUSPICIOUS_MOVE = YES;
				CLANG_WARN_UNGUARDED_AVAILABILITY = YES_AGGRESSIVE;
				CLANG_WARN_UNREACHABLE_CODE = YES;
				CLANG_WARN__DUPLICATE_METHOD_MATCH = YES;
				COPY_PHASE_STRIP = NO;
				DEBUG_INFORMATION_FORMAT = "dwarf-with-dsym";
				ENABLE_NS_ASSERTIONS = NO;
				ENABLE_STRICT_OBJC_MSGSEND = YES;
				GCC_C_LANGUAGE_STANDARD = gnu11;
				GCC_NO_COMMON_BLOCKS = YES;
				GCC_WARN_64_TO_32_BIT_CONVERSION = YES;
				GCC_WARN_ABOUT_RETURN_TYPE = YES_ERROR;
				GCC_WARN_UNDECLARED_SELECTOR = YES;
				GCC_WARN_UNINITIALIZED_AUTOS = YES_AGGRESSIVE;
				GCC_WARN_UNUSED_FUNCTION = YES;
				GCC_WARN_UNUSED_VARIABLE = YES;
				IPHONEOS_DEPLOYMENT_TARGET = 16.4;
				MTL_ENABLE_DEBUG_INFO = NO;
				MTL_FAST_MATH = YES;
				SDKROOT = iphoneos;
				SWIFT_COMPILATION_MODE = wholemodule;
				SWIFT_OPTIMIZATION_LEVEL = "-O";
				VALIDATE_PRODUCT = YES;
			};
			name = Release;
		};
		B699BD782A7CE2BC00DE2575 /* Debug */ = {
			isa = XCBuildConfiguration;
			buildSettings = {
				ASSETCATALOG_COMPILER_APPICON_NAME = AppIcon;
				ASSETCATALOG_COMPILER_GLOBAL_ACCENT_COLOR_NAME = AccentColor;
				CODE_SIGN_STYLE = Automatic;
				CURRENT_PROJECT_VERSION = 1;
				DEVELOPMENT_TEAM = HL89CPH3NA;
				GENERATE_INFOPLIST_FILE = YES;
				INFOPLIST_FILE = "Tamagotchi App/Info.plist";
				INFOPLIST_KEY_UIApplicationSupportsIndirectInputEvents = YES;
				INFOPLIST_KEY_UILaunchStoryboardName = LaunchScreen;
				INFOPLIST_KEY_UIMainStoryboardFile = Main;
				INFOPLIST_KEY_UISupportedInterfaceOrientations = UIInterfaceOrientationPortrait;
				INFOPLIST_KEY_UISupportedInterfaceOrientations_iPad = "UIInterfaceOrientationLandscapeLeft UIInterfaceOrientationLandscapeRight UIInterfaceOrientationPortrait UIInterfaceOrientationPortraitUpsideDown";
				IPHONEOS_DEPLOYMENT_TARGET = 15.0;
				LD_RUNPATH_SEARCH_PATHS = (
					"$(inherited)",
					"@executable_path/Frameworks",
				);
				MARKETING_VERSION = 1.0;
				PRODUCT_BUNDLE_IDENTIFIER = "com.walkerhilla.Tamagotchi-App";
				PRODUCT_NAME = "$(TARGET_NAME)";
				SUPPORTED_PLATFORMS = "iphoneos iphonesimulator";
				SUPPORTS_MACCATALYST = NO;
				SUPPORTS_MAC_DESIGNED_FOR_IPHONE_IPAD = NO;
				SWIFT_EMIT_LOC_STRINGS = YES;
				SWIFT_VERSION = 5.0;
				TARGETED_DEVICE_FAMILY = 1;
			};
			name = Debug;
		};
		B699BD792A7CE2BC00DE2575 /* Release */ = {
			isa = XCBuildConfiguration;
			buildSettings = {
				ASSETCATALOG_COMPILER_APPICON_NAME = AppIcon;
				ASSETCATALOG_COMPILER_GLOBAL_ACCENT_COLOR_NAME = AccentColor;
				CODE_SIGN_STYLE = Automatic;
				CURRENT_PROJECT_VERSION = 1;
				DEVELOPMENT_TEAM = HL89CPH3NA;
				GENERATE_INFOPLIST_FILE = YES;
				INFOPLIST_FILE = "Tamagotchi App/Info.plist";
				INFOPLIST_KEY_UIApplicationSupportsIndirectInputEvents = YES;
				INFOPLIST_KEY_UILaunchStoryboardName = LaunchScreen;
				INFOPLIST_KEY_UIMainStoryboardFile = Main;
				INFOPLIST_KEY_UISupportedInterfaceOrientations = UIInterfaceOrientationPortrait;
				INFOPLIST_KEY_UISupportedInterfaceOrientations_iPad = "UIInterfaceOrientationLandscapeLeft UIInterfaceOrientationLandscapeRight UIInterfaceOrientationPortrait UIInterfaceOrientationPortraitUpsideDown";
				IPHONEOS_DEPLOYMENT_TARGET = 15.0;
				LD_RUNPATH_SEARCH_PATHS = (
					"$(inherited)",
					"@executable_path/Frameworks",
				);
				MARKETING_VERSION = 1.0;
				PRODUCT_BUNDLE_IDENTIFIER = "com.walkerhilla.Tamagotchi-App";
				PRODUCT_NAME = "$(TARGET_NAME)";
				SUPPORTED_PLATFORMS = "iphoneos iphonesimulator";
				SUPPORTS_MACCATALYST = NO;
				SUPPORTS_MAC_DESIGNED_FOR_IPHONE_IPAD = NO;
				SWIFT_EMIT_LOC_STRINGS = YES;
				SWIFT_VERSION = 5.0;
				TARGETED_DEVICE_FAMILY = 1;
			};
			name = Release;
		};
/* End XCBuildConfiguration section */

/* Begin XCConfigurationList section */
		B699BD5E2A7CE2BB00DE2575 /* Build configuration list for PBXProject "Tamagotchi App" */ = {
			isa = XCConfigurationList;
			buildConfigurations = (
				B699BD752A7CE2BC00DE2575 /* Debug */,
				B699BD762A7CE2BC00DE2575 /* Release */,
			);
			defaultConfigurationIsVisible = 0;
			defaultConfigurationName = Release;
		};
		B699BD772A7CE2BC00DE2575 /* Build configuration list for PBXNativeTarget "Tamagotchi App" */ = {
			isa = XCConfigurationList;
			buildConfigurations = (
				B699BD782A7CE2BC00DE2575 /* Debug */,
				B699BD792A7CE2BC00DE2575 /* Release */,
			);
			defaultConfigurationIsVisible = 0;
			defaultConfigurationName = Release;
		};
/* End XCConfigurationList section */
	};
	rootObject = B699BD5B2A7CE2BB00DE2575 /* Project object */;
}
