// !$*UTF8*$!
{
	archiveVersion = 1;
	classes = {
	};
	objectVersion = 56;
	objects = {

/* Begin PBXBuildFile section */
		B6ABE5D12AB1916600CE366B /* LottoView.swift in Sources */ = {isa = PBXBuildFile; fileRef = B6ABE5D02AB1916600CE366B /* LottoView.swift */; };
		B6ABE5D32AB1917D00CE366B /* LottoViewModel.swift in Sources */ = {isa = PBXBuildFile; fileRef = B6ABE5D22AB1917D00CE366B /* LottoViewModel.swift */; };
		B6ABE5D52AB1919900CE366B /* Lotto.swift in Sources */ = {isa = PBXBuildFile; fileRef = B6ABE5D42AB1919900CE366B /* Lotto.swift */; };
		B6ABE5D72AB194C700CE366B /* Observable.swift in Sources */ = {isa = PBXBuildFile; fileRef = B6ABE5D62AB194C700CE366B /* Observable.swift */; };
		B6ABE5DA2AB1A1AE00CE366B /* SnapKit in Frameworks */ = {isa = PBXBuildFile; productRef = B6ABE5D92AB1A1AE00CE366B /* SnapKit */; };
		B6ABE5DC2AB1A97800CE366B /* CircleLabel.swift in Sources */ = {isa = PBXBuildFile; fileRef = B6ABE5DB2AB1A97800CE366B /* CircleLabel.swift */; };
		B6ABE5DE2AB1B3C200CE366B /* LottoAPIManager.swift in Sources */ = {isa = PBXBuildFile; fileRef = B6ABE5DD2AB1B3C200CE366B /* LottoAPIManager.swift */; };
		B6ABE5E02AB1BC3800CE366B /* Extension+UIViewController.swift in Sources */ = {isa = PBXBuildFile; fileRef = B6ABE5DF2AB1BC3800CE366B /* Extension+UIViewController.swift */; };
		B6EC43902A82566E001E1867 /* AppDelegate.swift in Sources */ = {isa = PBXBuildFile; fileRef = B6EC438F2A82566E001E1867 /* AppDelegate.swift */; };
		B6EC43922A82566E001E1867 /* SceneDelegate.swift in Sources */ = {isa = PBXBuildFile; fileRef = B6EC43912A82566E001E1867 /* SceneDelegate.swift */; };
		B6EC43942A82566E001E1867 /* LottoViewController.swift in Sources */ = {isa = PBXBuildFile; fileRef = B6EC43932A82566E001E1867 /* LottoViewController.swift */; };
		B6EC43972A82566E001E1867 /* Main.storyboard in Resources */ = {isa = PBXBuildFile; fileRef = B6EC43952A82566E001E1867 /* Main.storyboard */; };
		B6EC43992A82566F001E1867 /* Assets.xcassets in Resources */ = {isa = PBXBuildFile; fileRef = B6EC43982A82566F001E1867 /* Assets.xcassets */; };
		B6EC439C2A82566F001E1867 /* LaunchScreen.storyboard in Resources */ = {isa = PBXBuildFile; fileRef = B6EC439A2A82566F001E1867 /* LaunchScreen.storyboard */; };
		B6EC43A62A827266001E1867 /* Extension+UIView.swift in Sources */ = {isa = PBXBuildFile; fileRef = B6EC43A52A827266001E1867 /* Extension+UIView.swift */; };
		B6EC43A82A827675001E1867 /* Extension+UIColor.swift in Sources */ = {isa = PBXBuildFile; fileRef = B6EC43A72A827675001E1867 /* Extension+UIColor.swift */; };
		B6EC43AA2A8276A5001E1867 /* Colors.swift in Sources */ = {isa = PBXBuildFile; fileRef = B6EC43A92A8276A5001E1867 /* Colors.swift */; };
		B6EC43AD2A827AC2001E1867 /* Alamofire in Frameworks */ = {isa = PBXBuildFile; productRef = B6EC43AC2A827AC2001E1867 /* Alamofire */; };
		B6EC43B02A827ACF001E1867 /* SwiftyJSON in Frameworks */ = {isa = PBXBuildFile; productRef = B6EC43AF2A827ACF001E1867 /* SwiftyJSON */; };
/* End PBXBuildFile section */

/* Begin PBXFileReference section */
		B6ABE5D02AB1916600CE366B /* LottoView.swift */ = {isa = PBXFileReference; lastKnownFileType = sourcecode.swift; path = LottoView.swift; sourceTree = "<group>"; };
		B6ABE5D22AB1917D00CE366B /* LottoViewModel.swift */ = {isa = PBXFileReference; lastKnownFileType = sourcecode.swift; path = LottoViewModel.swift; sourceTree = "<group>"; };
		B6ABE5D42AB1919900CE366B /* Lotto.swift */ = {isa = PBXFileReference; lastKnownFileType = sourcecode.swift; path = Lotto.swift; sourceTree = "<group>"; };
		B6ABE5D62AB194C700CE366B /* Observable.swift */ = {isa = PBXFileReference; lastKnownFileType = sourcecode.swift; path = Observable.swift; sourceTree = "<group>"; };
		B6ABE5DB2AB1A97800CE366B /* CircleLabel.swift */ = {isa = PBXFileReference; lastKnownFileType = sourcecode.swift; path = CircleLabel.swift; sourceTree = "<group>"; };
		B6ABE5DD2AB1B3C200CE366B /* LottoAPIManager.swift */ = {isa = PBXFileReference; lastKnownFileType = sourcecode.swift; path = LottoAPIManager.swift; sourceTree = "<group>"; };
		B6ABE5DF2AB1BC3800CE366B /* Extension+UIViewController.swift */ = {isa = PBXFileReference; lastKnownFileType = sourcecode.swift; path = "Extension+UIViewController.swift"; sourceTree = "<group>"; };
		B6EC438C2A82566E001E1867 /* Lottery API.app */ = {isa = PBXFileReference; explicitFileType = wrapper.application; includeInIndex = 0; path = "Lottery API.app"; sourceTree = BUILT_PRODUCTS_DIR; };
		B6EC438F2A82566E001E1867 /* AppDelegate.swift */ = {isa = PBXFileReference; lastKnownFileType = sourcecode.swift; path = AppDelegate.swift; sourceTree = "<group>"; };
		B6EC43912A82566E001E1867 /* SceneDelegate.swift */ = {isa = PBXFileReference; lastKnownFileType = sourcecode.swift; path = SceneDelegate.swift; sourceTree = "<group>"; };
		B6EC43932A82566E001E1867 /* LottoViewController.swift */ = {isa = PBXFileReference; lastKnownFileType = sourcecode.swift; path = LottoViewController.swift; sourceTree = "<group>"; };
		B6EC43962A82566E001E1867 /* Base */ = {isa = PBXFileReference; lastKnownFileType = file.storyboard; name = Base; path = Base.lproj/Main.storyboard; sourceTree = "<group>"; };
		B6EC43982A82566F001E1867 /* Assets.xcassets */ = {isa = PBXFileReference; lastKnownFileType = folder.assetcatalog; path = Assets.xcassets; sourceTree = "<group>"; };
		B6EC439B2A82566F001E1867 /* Base */ = {isa = PBXFileReference; lastKnownFileType = file.storyboard; name = Base; path = Base.lproj/LaunchScreen.storyboard; sourceTree = "<group>"; };
		B6EC439D2A82566F001E1867 /* Info.plist */ = {isa = PBXFileReference; lastKnownFileType = text.plist.xml; path = Info.plist; sourceTree = "<group>"; };
		B6EC43A52A827266001E1867 /* Extension+UIView.swift */ = {isa = PBXFileReference; lastKnownFileType = sourcecode.swift; path = "Extension+UIView.swift"; sourceTree = "<group>"; };
		B6EC43A72A827675001E1867 /* Extension+UIColor.swift */ = {isa = PBXFileReference; lastKnownFileType = sourcecode.swift; path = "Extension+UIColor.swift"; sourceTree = "<group>"; };
		B6EC43A92A8276A5001E1867 /* Colors.swift */ = {isa = PBXFileReference; lastKnownFileType = sourcecode.swift; path = Colors.swift; sourceTree = "<group>"; };
/* End PBXFileReference section */

/* Begin PBXFrameworksBuildPhase section */
		B6EC43892A82566E001E1867 /* Frameworks */ = {
			isa = PBXFrameworksBuildPhase;
			buildActionMask = 2147483647;
			files = (
				B6ABE5DA2AB1A1AE00CE366B /* SnapKit in Frameworks */,
				B6EC43B02A827ACF001E1867 /* SwiftyJSON in Frameworks */,
				B6EC43AD2A827AC2001E1867 /* Alamofire in Frameworks */,
			);
			runOnlyForDeploymentPostprocessing = 0;
		};
/* End PBXFrameworksBuildPhase section */

/* Begin PBXGroup section */
		B6EC43832A82566E001E1867 = {
			isa = PBXGroup;
			children = (
				B6EC438E2A82566E001E1867 /* Lottery API */,
				B6EC438D2A82566E001E1867 /* Products */,
			);
			sourceTree = "<group>";
		};
		B6EC438D2A82566E001E1867 /* Products */ = {
			isa = PBXGroup;
			children = (
				B6EC438C2A82566E001E1867 /* Lottery API.app */,
			);
			name = Products;
			sourceTree = "<group>";
		};
		B6EC438E2A82566E001E1867 /* Lottery API */ = {
			isa = PBXGroup;
			children = (
				B6EC438F2A82566E001E1867 /* AppDelegate.swift */,
				B6EC43912A82566E001E1867 /* SceneDelegate.swift */,
				B6ABE5DB2AB1A97800CE366B /* CircleLabel.swift */,
				B6ABE5D62AB194C700CE366B /* Observable.swift */,
				B6ABE5DD2AB1B3C200CE366B /* LottoAPIManager.swift */,
				B6ABE5D42AB1919900CE366B /* Lotto.swift */,
				B6ABE5D02AB1916600CE366B /* LottoView.swift */,
				B6ABE5D22AB1917D00CE366B /* LottoViewModel.swift */,
				B6EC43932A82566E001E1867 /* LottoViewController.swift */,
				B6EC43952A82566E001E1867 /* Main.storyboard */,
				B6EC43982A82566F001E1867 /* Assets.xcassets */,
				B6EC439A2A82566F001E1867 /* LaunchScreen.storyboard */,
				B6EC439D2A82566F001E1867 /* Info.plist */,
				B6EC43A52A827266001E1867 /* Extension+UIView.swift */,
				B6EC43A72A827675001E1867 /* Extension+UIColor.swift */,
				B6ABE5DF2AB1BC3800CE366B /* Extension+UIViewController.swift */,
				B6EC43A92A8276A5001E1867 /* Colors.swift */,
			);
			path = "Lottery API";
			sourceTree = "<group>";
		};
/* End PBXGroup section */

/* Begin PBXNativeTarget section */
		B6EC438B2A82566E001E1867 /* Lottery API */ = {
			isa = PBXNativeTarget;
			buildConfigurationList = B6EC43A02A82566F001E1867 /* Build configuration list for PBXNativeTarget "Lottery API" */;
			buildPhases = (
				B6EC43882A82566E001E1867 /* Sources */,
				B6EC43892A82566E001E1867 /* Frameworks */,
				B6EC438A2A82566E001E1867 /* Resources */,
			);
			buildRules = (
			);
			dependencies = (
			);
			name = "Lottery API";
			packageProductDependencies = (
				B6EC43AC2A827AC2001E1867 /* Alamofire */,
				B6EC43AF2A827ACF001E1867 /* SwiftyJSON */,
				B6ABE5D92AB1A1AE00CE366B /* SnapKit */,
			);
			productName = "Lottery API";
			productReference = B6EC438C2A82566E001E1867 /* Lottery API.app */;
			productType = "com.apple.product-type.application";
		};
/* End PBXNativeTarget section */

/* Begin PBXProject section */
		B6EC43842A82566E001E1867 /* Project object */ = {
			isa = PBXProject;
			attributes = {
				BuildIndependentTargetsInParallel = 1;
				LastSwiftUpdateCheck = 1430;
				LastUpgradeCheck = 1430;
				TargetAttributes = {
					B6EC438B2A82566E001E1867 = {
						CreatedOnToolsVersion = 14.3.1;
					};
				};
			};
			buildConfigurationList = B6EC43872A82566E001E1867 /* Build configuration list for PBXProject "Lottery API" */;
			compatibilityVersion = "Xcode 14.0";
			developmentRegion = en;
			hasScannedForEncodings = 0;
			knownRegions = (
				en,
				Base,
			);
			mainGroup = B6EC43832A82566E001E1867;
			packageReferences = (
				B6EC43AB2A827AC2001E1867 /* XCRemoteSwiftPackageReference "Alamofire" */,
				B6EC43AE2A827ACF001E1867 /* XCRemoteSwiftPackageReference "SwiftyJSON" */,
				B6ABE5D82AB1A1AE00CE366B /* XCRemoteSwiftPackageReference "SnapKit" */,
			);
			productRefGroup = B6EC438D2A82566E001E1867 /* Products */;
			projectDirPath = "";
			projectRoot = "";
			targets = (
				B6EC438B2A82566E001E1867 /* Lottery API */,
			);
		};
/* End PBXProject section */

/* Begin PBXResourcesBuildPhase section */
		B6EC438A2A82566E001E1867 /* Resources */ = {
			isa = PBXResourcesBuildPhase;
			buildActionMask = 2147483647;
			files = (
				B6EC439C2A82566F001E1867 /* LaunchScreen.storyboard in Resources */,
				B6EC43992A82566F001E1867 /* Assets.xcassets in Resources */,
				B6EC43972A82566E001E1867 /* Main.storyboard in Resources */,
			);
			runOnlyForDeploymentPostprocessing = 0;
		};
/* End PBXResourcesBuildPhase section */

/* Begin PBXSourcesBuildPhase section */
		B6EC43882A82566E001E1867 /* Sources */ = {
			isa = PBXSourcesBuildPhase;
			buildActionMask = 2147483647;
			files = (
				B6ABE5D52AB1919900CE366B /* Lotto.swift in Sources */,
				B6EC43A82A827675001E1867 /* Extension+UIColor.swift in Sources */,
				B6EC43AA2A8276A5001E1867 /* Colors.swift in Sources */,
				B6EC43942A82566E001E1867 /* LottoViewController.swift in Sources */,
				B6EC43902A82566E001E1867 /* AppDelegate.swift in Sources */,
				B6EC43922A82566E001E1867 /* SceneDelegate.swift in Sources */,
				B6ABE5D72AB194C700CE366B /* Observable.swift in Sources */,
				B6ABE5DC2AB1A97800CE366B /* CircleLabel.swift in Sources */,
				B6ABE5E02AB1BC3800CE366B /* Extension+UIViewController.swift in Sources */,
				B6ABE5D32AB1917D00CE366B /* LottoViewModel.swift in Sources */,
				B6EC43A62A827266001E1867 /* Extension+UIView.swift in Sources */,
				B6ABE5D12AB1916600CE366B /* LottoView.swift in Sources */,
				B6ABE5DE2AB1B3C200CE366B /* LottoAPIManager.swift in Sources */,
			);
			runOnlyForDeploymentPostprocessing = 0;
		};
/* End PBXSourcesBuildPhase section */

/* Begin PBXVariantGroup section */
		B6EC43952A82566E001E1867 /* Main.storyboard */ = {
			isa = PBXVariantGroup;
			children = (
				B6EC43962A82566E001E1867 /* Base */,
			);
			name = Main.storyboard;
			sourceTree = "<group>";
		};
		B6EC439A2A82566F001E1867 /* LaunchScreen.storyboard */ = {
			isa = PBXVariantGroup;
			children = (
				B6EC439B2A82566F001E1867 /* Base */,
			);
			name = LaunchScreen.storyboard;
			sourceTree = "<group>";
		};
/* End PBXVariantGroup section */

/* Begin XCBuildConfiguration section */
		B6EC439E2A82566F001E1867 /* Debug */ = {
			isa = XCBuildConfiguration;
			buildSettings = {
				ALWAYS_SEARCH_USER_PATHS = NO;
				CLANG_ANALYZER_NONNULL = YES;
				CLANG_ANALYZER_NUMBER_OBJECT_CONVERSION = YES_AGGRESSIVE;
				CLANG_CXX_LANGUAGE_STANDARD = "gnu++20";
				CLANG_ENABLE_MODULES = YES;
				CLANG_ENABLE_OBJC_ARC = YES;
				CLANG_ENABLE_OBJC_WEAK = YES;
				CLANG_WARN_BLOCK_CAPTURE_AUTORELEASING = YES;
				CLANG_WARN_BOOL_CONVERSION = YES;
				CLANG_WARN_COMMA = YES;
				CLANG_WARN_CONSTANT_CONVERSION = YES;
				CLANG_WARN_DEPRECATED_OBJC_IMPLEMENTATIONS = YES;
				CLANG_WARN_DIRECT_OBJC_ISA_USAGE = YES_ERROR;
				CLANG_WARN_DOCUMENTATION_COMMENTS = YES;
				CLANG_WARN_EMPTY_BODY = YES;
				CLANG_WARN_ENUM_CONVERSION = YES;
				CLANG_WARN_INFINITE_RECURSION = YES;
				CLANG_WARN_INT_CONVERSION = YES;
				CLANG_WARN_NON_LITERAL_NULL_CONVERSION = YES;
				CLANG_WARN_OBJC_IMPLICIT_RETAIN_SELF = YES;
				CLANG_WARN_OBJC_LITERAL_CONVERSION = YES;
				CLANG_WARN_OBJC_ROOT_CLASS = YES_ERROR;
				CLANG_WARN_QUOTED_INCLUDE_IN_FRAMEWORK_HEADER = YES;
				CLANG_WARN_RANGE_LOOP_ANALYSIS = YES;
				CLANG_WARN_STRICT_PROTOTYPES = YES;
				CLANG_WARN_SUSPICIOUS_MOVE = YES;
				CLANG_WARN_UNGUARDED_AVAILABILITY = YES_AGGRESSIVE;
				CLANG_WARN_UNREACHABLE_CODE = YES;
				CLANG_WARN__DUPLICATE_METHOD_MATCH = YES;
				COPY_PHASE_STRIP = NO;
				DEBUG_INFORMATION_FORMAT = dwarf;
				ENABLE_STRICT_OBJC_MSGSEND = YES;
				ENABLE_TESTABILITY = YES;
				GCC_C_LANGUAGE_STANDARD = gnu11;
				GCC_DYNAMIC_NO_PIC = NO;
				GCC_NO_COMMON_BLOCKS = YES;
				GCC_OPTIMIZATION_LEVEL = 0;
				GCC_PREPROCESSOR_DEFINITIONS = (
					"DEBUG=1",
					"$(inherited)",
				);
				GCC_WARN_64_TO_32_BIT_CONVERSION = YES;
				GCC_WARN_ABOUT_RETURN_TYPE = YES_ERROR;
				GCC_WARN_UNDECLARED_SELECTOR = YES;
				GCC_WARN_UNINITIALIZED_AUTOS = YES_AGGRESSIVE;
				GCC_WARN_UNUSED_FUNCTION = YES;
				GCC_WARN_UNUSED_VARIABLE = YES;
				IPHONEOS_DEPLOYMENT_TARGET = 16.4;
				MTL_ENABLE_DEBUG_INFO = INCLUDE_SOURCE;
				MTL_FAST_MATH = YES;
				ONLY_ACTIVE_ARCH = YES;
				SDKROOT = iphoneos;
				SWIFT_ACTIVE_COMPILATION_CONDITIONS = DEBUG;
				SWIFT_OPTIMIZATION_LEVEL = "-Onone";
			};
			name = Debug;
		};
		B6EC439F2A82566F001E1867 /* Release */ = {
			isa = XCBuildConfiguration;
			buildSettings = {
				ALWAYS_SEARCH_USER_PATHS = NO;
				CLANG_ANALYZER_NONNULL = YES;
				CLANG_ANALYZER_NUMBER_OBJECT_CONVERSION = YES_AGGRESSIVE;
				CLANG_CXX_LANGUAGE_STANDARD = "gnu++20";
				CLANG_ENABLE_MODULES = YES;
				CLANG_ENABLE_OBJC_ARC = YES;
				CLANG_ENABLE_OBJC_WEAK = YES;
				CLANG_WARN_BLOCK_CAPTURE_AUTORELEASING = YES;
				CLANG_WARN_BOOL_CONVERSION = YES;
				CLANG_WARN_COMMA = YES;
				CLANG_WARN_CONSTANT_CONVERSION = YES;
				CLANG_WARN_DEPRECATED_OBJC_IMPLEMENTATIONS = YES;
				CLANG_WARN_DIRECT_OBJC_ISA_USAGE = YES_ERROR;
				CLANG_WARN_DOCUMENTATION_COMMENTS = YES;
				CLANG_WARN_EMPTY_BODY = YES;
				CLANG_WARN_ENUM_CONVERSION = YES;
				CLANG_WARN_INFINITE_RECURSION = YES;
				CLANG_WARN_INT_CONVERSION = YES;
				CLANG_WARN_NON_LITERAL_NULL_CONVERSION = YES;
				CLANG_WARN_OBJC_IMPLICIT_RETAIN_SELF = YES;
				CLANG_WARN_OBJC_LITERAL_CONVERSION = YES;
				CLANG_WARN_OBJC_ROOT_CLASS = YES_ERROR;
				CLANG_WARN_QUOTED_INCLUDE_IN_FRAMEWORK_HEADER = YES;
				CLANG_WARN_RANGE_LOOP_ANALYSIS = YES;
				CLANG_WARN_STRICT_PROTOTYPES = YES;
				CLANG_WARN_SUSPICIOUS_MOVE = YES;
				CLANG_WARN_UNGUARDED_AVAILABILITY = YES_AGGRESSIVE;
				CLANG_WARN_UNREACHABLE_CODE = YES;
				CLANG_WARN__DUPLICATE_METHOD_MATCH = YES;
				COPY_PHASE_STRIP = NO;
				DEBUG_INFORMATION_FORMAT = "dwarf-with-dsym";
				ENABLE_NS_ASSERTIONS = NO;
				ENABLE_STRICT_OBJC_MSGSEND = YES;
				GCC_C_LANGUAGE_STANDARD = gnu11;
				GCC_NO_COMMON_BLOCKS = YES;
				GCC_WARN_64_TO_32_BIT_CONVERSION = YES;
				GCC_WARN_ABOUT_RETURN_TYPE = YES_ERROR;
				GCC_WARN_UNDECLARED_SELECTOR = YES;
				GCC_WARN_UNINITIALIZED_AUTOS = YES_AGGRESSIVE;
				GCC_WARN_UNUSED_FUNCTION = YES;
				GCC_WARN_UNUSED_VARIABLE = YES;
				IPHONEOS_DEPLOYMENT_TARGET = 16.4;
				MTL_ENABLE_DEBUG_INFO = NO;
				MTL_FAST_MATH = YES;
				SDKROOT = iphoneos;
				SWIFT_COMPILATION_MODE = wholemodule;
				SWIFT_OPTIMIZATION_LEVEL = "-O";
				VALIDATE_PRODUCT = YES;
			};
			name = Release;
		};
		B6EC43A12A82566F001E1867 /* Debug */ = {
			isa = XCBuildConfiguration;
			buildSettings = {
				ASSETCATALOG_COMPILER_APPICON_NAME = AppIcon;
				ASSETCATALOG_COMPILER_GLOBAL_ACCENT_COLOR_NAME = AccentColor;
				CODE_SIGN_STYLE = Automatic;
				CURRENT_PROJECT_VERSION = 1;
				DEVELOPMENT_TEAM = HL89CPH3NA;
				GENERATE_INFOPLIST_FILE = YES;
				INFOPLIST_FILE = "Lottery API/Info.plist";
				INFOPLIST_KEY_UIApplicationSupportsIndirectInputEvents = YES;
				INFOPLIST_KEY_UILaunchStoryboardName = LaunchScreen;
				INFOPLIST_KEY_UIMainStoryboardFile = Main;
				INFOPLIST_KEY_UISupportedInterfaceOrientations = UIInterfaceOrientationPortrait;
				INFOPLIST_KEY_UISupportedInterfaceOrientations_iPad = "UIInterfaceOrientationLandscapeLeft UIInterfaceOrientationLandscapeRight UIInterfaceOrientationPortrait UIInterfaceOrientationPortraitUpsideDown";
				IPHONEOS_DEPLOYMENT_TARGET = 15.0;
				LD_RUNPATH_SEARCH_PATHS = (
					"$(inherited)",
					"@executable_path/Frameworks",
				);
				MARKETING_VERSION = 1.0;
				PRODUCT_BUNDLE_IDENTIFIER = "com.walkerhilla.Lottery-API";
				PRODUCT_NAME = "$(TARGET_NAME)";
				SUPPORTED_PLATFORMS = "iphoneos iphonesimulator";
				SUPPORTS_MACCATALYST = NO;
				SUPPORTS_MAC_DESIGNED_FOR_IPHONE_IPAD = NO;
				SWIFT_EMIT_LOC_STRINGS = YES;
				SWIFT_VERSION = 5.0;
				TARGETED_DEVICE_FAMILY = 1;
			};
			name = Debug;
		};
		B6EC43A22A82566F001E1867 /* Release */ = {
			isa = XCBuildConfiguration;
			buildSettings = {
				ASSETCATALOG_COMPILER_APPICON_NAME = AppIcon;
				ASSETCATALOG_COMPILER_GLOBAL_ACCENT_COLOR_NAME = AccentColor;
				CODE_SIGN_STYLE = Automatic;
				CURRENT_PROJECT_VERSION = 1;
				DEVELOPMENT_TEAM = HL89CPH3NA;
				GENERATE_INFOPLIST_FILE = YES;
				INFOPLIST_FILE = "Lottery API/Info.plist";
				INFOPLIST_KEY_UIApplicationSupportsIndirectInputEvents = YES;
				INFOPLIST_KEY_UILaunchStoryboardName = LaunchScreen;
				INFOPLIST_KEY_UIMainStoryboardFile = Main;
				INFOPLIST_KEY_UISupportedInterfaceOrientations = UIInterfaceOrientationPortrait;
				INFOPLIST_KEY_UISupportedInterfaceOrientations_iPad = "UIInterfaceOrientationLandscapeLeft UIInterfaceOrientationLandscapeRight UIInterfaceOrientationPortrait UIInterfaceOrientationPortraitUpsideDown";
				IPHONEOS_DEPLOYMENT_TARGET = 15.0;
				LD_RUNPATH_SEARCH_PATHS = (
					"$(inherited)",
					"@executable_path/Frameworks",
				);
				MARKETING_VERSION = 1.0;
				PRODUCT_BUNDLE_IDENTIFIER = "com.walkerhilla.Lottery-API";
				PRODUCT_NAME = "$(TARGET_NAME)";
				SUPPORTED_PLATFORMS = "iphoneos iphonesimulator";
				SUPPORTS_MACCATALYST = NO;
				SUPPORTS_MAC_DESIGNED_FOR_IPHONE_IPAD = NO;
				SWIFT_EMIT_LOC_STRINGS = YES;
				SWIFT_VERSION = 5.0;
				TARGETED_DEVICE_FAMILY = 1;
			};
			name = Release;
		};
/* End XCBuildConfiguration section */

/* Begin XCConfigurationList section */
		B6EC43872A82566E001E1867 /* Build configuration list for PBXProject "Lottery API" */ = {
			isa = XCConfigurationList;
			buildConfigurations = (
				B6EC439E2A82566F001E1867 /* Debug */,
				B6EC439F2A82566F001E1867 /* Release */,
			);
			defaultConfigurationIsVisible = 0;
			defaultConfigurationName = Release;
		};
		B6EC43A02A82566F001E1867 /* Build configuration list for PBXNativeTarget "Lottery API" */ = {
			isa = XCConfigurationList;
			buildConfigurations = (
				B6EC43A12A82566F001E1867 /* Debug */,
				B6EC43A22A82566F001E1867 /* Release */,
			);
			defaultConfigurationIsVisible = 0;
			defaultConfigurationName = Release;
		};
/* End XCConfigurationList section */

/* Begin XCRemoteSwiftPackageReference section */
		B6ABE5D82AB1A1AE00CE366B /* XCRemoteSwiftPackageReference "SnapKit" */ = {
			isa = XCRemoteSwiftPackageReference;
			repositoryURL = "https://github.com/SnapKit/SnapKit";
			requirement = {
				kind = upToNextMajorVersion;
				minimumVersion = 5.0.0;
			};
		};
		B6EC43AB2A827AC2001E1867 /* XCRemoteSwiftPackageReference "Alamofire" */ = {
			isa = XCRemoteSwiftPackageReference;
			repositoryURL = "git@github.com:Alamofire/Alamofire.git";
			requirement = {
				kind = upToNextMajorVersion;
				minimumVersion = 5.0.0;
			};
		};
		B6EC43AE2A827ACF001E1867 /* XCRemoteSwiftPackageReference "SwiftyJSON" */ = {
			isa = XCRemoteSwiftPackageReference;
			repositoryURL = "git@github.com:SwiftyJSON/SwiftyJSON.git";
			requirement = {
				kind = upToNextMajorVersion;
				minimumVersion = 5.0.0;
			};
		};
/* End XCRemoteSwiftPackageReference section */

/* Begin XCSwiftPackageProductDependency section */
		B6ABE5D92AB1A1AE00CE366B /* SnapKit */ = {
			isa = XCSwiftPackageProductDependency;
			package = B6ABE5D82AB1A1AE00CE366B /* XCRemoteSwiftPackageReference "SnapKit" */;
			productName = SnapKit;
		};
		B6EC43AC2A827AC2001E1867 /* Alamofire */ = {
			isa = XCSwiftPackageProductDependency;
			package = B6EC43AB2A827AC2001E1867 /* XCRemoteSwiftPackageReference "Alamofire" */;
			productName = Alamofire;
		};
		B6EC43AF2A827ACF001E1867 /* SwiftyJSON */ = {
			isa = XCSwiftPackageProductDependency;
			package = B6EC43AE2A827ACF001E1867 /* XCRemoteSwiftPackageReference "SwiftyJSON" */;
			productName = SwiftyJSON;
		};
/* End XCSwiftPackageProductDependency section */
	};
	rootObject = B6EC43842A82566E001E1867 /* Project object */;
}
