// !$*UTF8*$!
{
	archiveVersion = 1;
	classes = {
	};
	objectVersion = 56;
	objects = {

/* Begin PBXBuildFile section */
		B63DE1312A70633A00BEE9CE /* MoodScoreViewController.swift in Sources */ = {isa = PBXBuildFile; fileRef = B63DE1302A70633A00BEE9CE /* MoodScoreViewController.swift */; };
		B63DE1332A70651200BEE9CE /* MoodScoreManager.swift in Sources */ = {isa = PBXBuildFile; fileRef = B63DE1322A70651200BEE9CE /* MoodScoreManager.swift */; };
		B67A1A4C2A6FBDAE0089F063 /* AppDelegate.swift in Sources */ = {isa = PBXBuildFile; fileRef = B67A1A4B2A6FBDAE0089F063 /* AppDelegate.swift */; };
		B67A1A4E2A6FBDAE0089F063 /* SceneDelegate.swift in Sources */ = {isa = PBXBuildFile; fileRef = B67A1A4D2A6FBDAE0089F063 /* SceneDelegate.swift */; };
		B67A1A502A6FBDAE0089F063 /* MoodViewController.swift in Sources */ = {isa = PBXBuildFile; fileRef = B67A1A4F2A6FBDAE0089F063 /* MoodViewController.swift */; };
		B67A1A532A6FBDAE0089F063 /* Main.storyboard in Resources */ = {isa = PBXBuildFile; fileRef = B67A1A512A6FBDAE0089F063 /* Main.storyboard */; };
		B67A1A552A6FBDAF0089F063 /* Assets.xcassets in Resources */ = {isa = PBXBuildFile; fileRef = B67A1A542A6FBDAF0089F063 /* Assets.xcassets */; };
		B67A1A582A6FBDAF0089F063 /* LaunchScreen.storyboard in Resources */ = {isa = PBXBuildFile; fileRef = B67A1A562A6FBDAF0089F063 /* LaunchScreen.storyboard */; };
/* End PBXBuildFile section */

/* Begin PBXFileReference section */
		B63DE1302A70633A00BEE9CE /* MoodScoreViewController.swift */ = {isa = PBXFileReference; lastKnownFileType = sourcecode.swift; path = MoodScoreViewController.swift; sourceTree = "<group>"; };
		B63DE1322A70651200BEE9CE /* MoodScoreManager.swift */ = {isa = PBXFileReference; lastKnownFileType = sourcecode.swift; path = MoodScoreManager.swift; sourceTree = "<group>"; };
		B67A1A482A6FBDAE0089F063 /* OhMyMood.app */ = {isa = PBXFileReference; explicitFileType = wrapper.application; includeInIndex = 0; path = OhMyMood.app; sourceTree = BUILT_PRODUCTS_DIR; };
		B67A1A4B2A6FBDAE0089F063 /* AppDelegate.swift */ = {isa = PBXFileReference; lastKnownFileType = sourcecode.swift; path = AppDelegate.swift; sourceTree = "<group>"; };
		B67A1A4D2A6FBDAE0089F063 /* SceneDelegate.swift */ = {isa = PBXFileReference; lastKnownFileType = sourcecode.swift; path = SceneDelegate.swift; sourceTree = "<group>"; };
		B67A1A4F2A6FBDAE0089F063 /* MoodViewController.swift */ = {isa = PBXFileReference; lastKnownFileType = sourcecode.swift; path = MoodViewController.swift; sourceTree = "<group>"; };
		B67A1A522A6FBDAE0089F063 /* Base */ = {isa = PBXFileReference; lastKnownFileType = file.storyboard; name = Base; path = Base.lproj/Main.storyboard; sourceTree = "<group>"; };
		B67A1A542A6FBDAF0089F063 /* Assets.xcassets */ = {isa = PBXFileReference; lastKnownFileType = folder.assetcatalog; path = Assets.xcassets; sourceTree = "<group>"; };
		B67A1A572A6FBDAF0089F063 /* Base */ = {isa = PBXFileReference; lastKnownFileType = file.storyboard; name = Base; path = Base.lproj/LaunchScreen.storyboard; sourceTree = "<group>"; };
		B67A1A592A6FBDAF0089F063 /* Info.plist */ = {isa = PBXFileReference; lastKnownFileType = text.plist.xml; path = Info.plist; sourceTree = "<group>"; };
/* End PBXFileReference section */

/* Begin PBXFrameworksBuildPhase section */
		B67A1A452A6FBDAE0089F063 /* Frameworks */ = {
			isa = PBXFrameworksBuildPhase;
			buildActionMask = 2147483647;
			files = (
			);
			runOnlyForDeploymentPostprocessing = 0;
		};
/* End PBXFrameworksBuildPhase section */

/* Begin PBXGroup section */
		B67A1A3F2A6FBDAE0089F063 = {
			isa = PBXGroup;
			children = (
				B67A1A4A2A6FBDAE0089F063 /* OhMyMood */,
				B67A1A492A6FBDAE0089F063 /* Products */,
			);
			sourceTree = "<group>";
		};
		B67A1A492A6FBDAE0089F063 /* Products */ = {
			isa = PBXGroup;
			children = (
				B67A1A482A6FBDAE0089F063 /* OhMyMood.app */,
			);
			name = Products;
			sourceTree = "<group>";
		};
		B67A1A4A2A6FBDAE0089F063 /* OhMyMood */ = {
			isa = PBXGroup;
			children = (
				B67A1A4B2A6FBDAE0089F063 /* AppDelegate.swift */,
				B67A1A4D2A6FBDAE0089F063 /* SceneDelegate.swift */,
				B67A1A4F2A6FBDAE0089F063 /* MoodViewController.swift */,
				B63DE1302A70633A00BEE9CE /* MoodScoreViewController.swift */,
				B63DE1322A70651200BEE9CE /* MoodScoreManager.swift */,
				B67A1A512A6FBDAE0089F063 /* Main.storyboard */,
				B67A1A542A6FBDAF0089F063 /* Assets.xcassets */,
				B67A1A562A6FBDAF0089F063 /* LaunchScreen.storyboard */,
				B67A1A592A6FBDAF0089F063 /* Info.plist */,
			);
			path = OhMyMood;
			sourceTree = "<group>";
		};
/* End PBXGroup section */

/* Begin PBXNativeTarget section */
		B67A1A472A6FBDAE0089F063 /* OhMyMood */ = {
			isa = PBXNativeTarget;
			buildConfigurationList = B67A1A5C2A6FBDAF0089F063 /* Build configuration list for PBXNativeTarget "OhMyMood" */;
			buildPhases = (
				B67A1A442A6FBDAE0089F063 /* Sources */,
				B67A1A452A6FBDAE0089F063 /* Frameworks */,
				B67A1A462A6FBDAE0089F063 /* Resources */,
			);
			buildRules = (
			);
			dependencies = (
			);
			name = OhMyMood;
			productName = OhMyMood;
			productReference = B67A1A482A6FBDAE0089F063 /* OhMyMood.app */;
			productType = "com.apple.product-type.application";
		};
/* End PBXNativeTarget section */

/* Begin PBXProject section */
		B67A1A402A6FBDAE0089F063 /* Project object */ = {
			isa = PBXProject;
			attributes = {
				BuildIndependentTargetsInParallel = 1;
				LastSwiftUpdateCheck = 1430;
				LastUpgradeCheck = 1430;
				TargetAttributes = {
					B67A1A472A6FBDAE0089F063 = {
						CreatedOnToolsVersion = 14.3.1;
					};
				};
			};
			buildConfigurationList = B67A1A432A6FBDAE0089F063 /* Build configuration list for PBXProject "OhMyMood" */;
			compatibilityVersion = "Xcode 14.0";
			developmentRegion = en;
			hasScannedForEncodings = 0;
			knownRegions = (
				en,
				Base,
			);
			mainGroup = B67A1A3F2A6FBDAE0089F063;
			productRefGroup = B67A1A492A6FBDAE0089F063 /* Products */;
			projectDirPath = "";
			projectRoot = "";
			targets = (
				B67A1A472A6FBDAE0089F063 /* OhMyMood */,
			);
		};
/* End PBXProject section */

/* Begin PBXResourcesBuildPhase section */
		B67A1A462A6FBDAE0089F063 /* Resources */ = {
			isa = PBXResourcesBuildPhase;
			buildActionMask = 2147483647;
			files = (
				B67A1A582A6FBDAF0089F063 /* LaunchScreen.storyboard in Resources */,
				B67A1A552A6FBDAF0089F063 /* Assets.xcassets in Resources */,
				B67A1A532A6FBDAE0089F063 /* Main.storyboard in Resources */,
			);
			runOnlyForDeploymentPostprocessing = 0;
		};
/* End PBXResourcesBuildPhase section */

/* Begin PBXSourcesBuildPhase section */
		B67A1A442A6FBDAE0089F063 /* Sources */ = {
			isa = PBXSourcesBuildPhase;
			buildActionMask = 2147483647;
			files = (
				B67A1A502A6FBDAE0089F063 /* MoodViewController.swift in Sources */,
				B67A1A4C2A6FBDAE0089F063 /* AppDelegate.swift in Sources */,
				B63DE1332A70651200BEE9CE /* MoodScoreManager.swift in Sources */,
				B63DE1312A70633A00BEE9CE /* MoodScoreViewController.swift in Sources */,
				B67A1A4E2A6FBDAE0089F063 /* SceneDelegate.swift in Sources */,
			);
			runOnlyForDeploymentPostprocessing = 0;
		};
/* End PBXSourcesBuildPhase section */

/* Begin PBXVariantGroup section */
		B67A1A512A6FBDAE0089F063 /* Main.storyboard */ = {
			isa = PBXVariantGroup;
			children = (
				B67A1A522A6FBDAE0089F063 /* Base */,
			);
			name = Main.storyboard;
			sourceTree = "<group>";
		};
		B67A1A562A6FBDAF0089F063 /* LaunchScreen.storyboard */ = {
			isa = PBXVariantGroup;
			children = (
				B67A1A572A6FBDAF0089F063 /* Base */,
			);
			name = LaunchScreen.storyboard;
			sourceTree = "<group>";
		};
/* End PBXVariantGroup section */

/* Begin XCBuildConfiguration section */
		B67A1A5A2A6FBDAF0089F063 /* Debug */ = {
			isa = XCBuildConfiguration;
			buildSettings = {
				ALWAYS_SEARCH_USER_PATHS = NO;
				CLANG_ANALYZER_NONNULL = YES;
				CLANG_ANALYZER_NUMBER_OBJECT_CONVERSION = YES_AGGRESSIVE;
				CLANG_CXX_LANGUAGE_STANDARD = "gnu++20";
				CLANG_ENABLE_MODULES = YES;
				CLANG_ENABLE_OBJC_ARC = YES;
				CLANG_ENABLE_OBJC_WEAK = YES;
				CLANG_WARN_BLOCK_CAPTURE_AUTORELEASING = YES;
				CLANG_WARN_BOOL_CONVERSION = YES;
				CLANG_WARN_COMMA = YES;
				CLANG_WARN_CONSTANT_CONVERSION = YES;
				CLANG_WARN_DEPRECATED_OBJC_IMPLEMENTATIONS = YES;
				CLANG_WARN_DIRECT_OBJC_ISA_USAGE = YES_ERROR;
				CLANG_WARN_DOCUMENTATION_COMMENTS = YES;
				CLANG_WARN_EMPTY_BODY = YES;
				CLANG_WARN_ENUM_CONVERSION = YES;
				CLANG_WARN_INFINITE_RECURSION = YES;
				CLANG_WARN_INT_CONVERSION = YES;
				CLANG_WARN_NON_LITERAL_NULL_CONVERSION = YES;
				CLANG_WARN_OBJC_IMPLICIT_RETAIN_SELF = YES;
				CLANG_WARN_OBJC_LITERAL_CONVERSION = YES;
				CLANG_WARN_OBJC_ROOT_CLASS = YES_ERROR;
				CLANG_WARN_QUOTED_INCLUDE_IN_FRAMEWORK_HEADER = YES;
				CLANG_WARN_RANGE_LOOP_ANALYSIS = YES;
				CLANG_WARN_STRICT_PROTOTYPES = YES;
				CLANG_WARN_SUSPICIOUS_MOVE = YES;
				CLANG_WARN_UNGUARDED_AVAILABILITY = YES_AGGRESSIVE;
				CLANG_WARN_UNREACHABLE_CODE = YES;
				CLANG_WARN__DUPLICATE_METHOD_MATCH = YES;
				COPY_PHASE_STRIP = NO;
				DEBUG_INFORMATION_FORMAT = dwarf;
				ENABLE_STRICT_OBJC_MSGSEND = YES;
				ENABLE_TESTABILITY = YES;
				GCC_C_LANGUAGE_STANDARD = gnu11;
				GCC_DYNAMIC_NO_PIC = NO;
				GCC_NO_COMMON_BLOCKS = YES;
				GCC_OPTIMIZATION_LEVEL = 0;
				GCC_PREPROCESSOR_DEFINITIONS = (
					"DEBUG=1",
					"$(inherited)",
				);
				GCC_WARN_64_TO_32_BIT_CONVERSION = YES;
				GCC_WARN_ABOUT_RETURN_TYPE = YES_ERROR;
				GCC_WARN_UNDECLARED_SELECTOR = YES;
				GCC_WARN_UNINITIALIZED_AUTOS = YES_AGGRESSIVE;
				GCC_WARN_UNUSED_FUNCTION = YES;
				GCC_WARN_UNUSED_VARIABLE = YES;
				IPHONEOS_DEPLOYMENT_TARGET = 16.4;
				MTL_ENABLE_DEBUG_INFO = INCLUDE_SOURCE;
				MTL_FAST_MATH = YES;
				ONLY_ACTIVE_ARCH = YES;
				SDKROOT = iphoneos;
				SWIFT_ACTIVE_COMPILATION_CONDITIONS = DEBUG;
				SWIFT_OPTIMIZATION_LEVEL = "-Onone";
			};
			name = Debug;
		};
		B67A1A5B2A6FBDAF0089F063 /* Release */ = {
			isa = XCBuildConfiguration;
			buildSettings = {
				ALWAYS_SEARCH_USER_PATHS = NO;
				CLANG_ANALYZER_NONNULL = YES;
				CLANG_ANALYZER_NUMBER_OBJECT_CONVERSION = YES_AGGRESSIVE;
				CLANG_CXX_LANGUAGE_STANDARD = "gnu++20";
				CLANG_ENABLE_MODULES = YES;
				CLANG_ENABLE_OBJC_ARC = YES;
				CLANG_ENABLE_OBJC_WEAK = YES;
				CLANG_WARN_BLOCK_CAPTURE_AUTORELEASING = YES;
				CLANG_WARN_BOOL_CONVERSION = YES;
				CLANG_WARN_COMMA = YES;
				CLANG_WARN_CONSTANT_CONVERSION = YES;
				CLANG_WARN_DEPRECATED_OBJC_IMPLEMENTATIONS = YES;
				CLANG_WARN_DIRECT_OBJC_ISA_USAGE = YES_ERROR;
				CLANG_WARN_DOCUMENTATION_COMMENTS = YES;
				CLANG_WARN_EMPTY_BODY = YES;
				CLANG_WARN_ENUM_CONVERSION = YES;
				CLANG_WARN_INFINITE_RECURSION = YES;
				CLANG_WARN_INT_CONVERSION = YES;
				CLANG_WARN_NON_LITERAL_NULL_CONVERSION = YES;
				CLANG_WARN_OBJC_IMPLICIT_RETAIN_SELF = YES;
				CLANG_WARN_OBJC_LITERAL_CONVERSION = YES;
				CLANG_WARN_OBJC_ROOT_CLASS = YES_ERROR;
				CLANG_WARN_QUOTED_INCLUDE_IN_FRAMEWORK_HEADER = YES;
				CLANG_WARN_RANGE_LOOP_ANALYSIS = YES;
				CLANG_WARN_STRICT_PROTOTYPES = YES;
				CLANG_WARN_SUSPICIOUS_MOVE = YES;
				CLANG_WARN_UNGUARDED_AVAILABILITY = YES_AGGRESSIVE;
				CLANG_WARN_UNREACHABLE_CODE = YES;
				CLANG_WARN__DUPLICATE_METHOD_MATCH = YES;
				COPY_PHASE_STRIP = NO;
				DEBUG_INFORMATION_FORMAT = "dwarf-with-dsym";
				ENABLE_NS_ASSERTIONS = NO;
				ENABLE_STRICT_OBJC_MSGSEND = YES;
				GCC_C_LANGUAGE_STANDARD = gnu11;
				GCC_NO_COMMON_BLOCKS = YES;
				GCC_WARN_64_TO_32_BIT_CONVERSION = YES;
				GCC_WARN_ABOUT_RETURN_TYPE = YES_ERROR;
				GCC_WARN_UNDECLARED_SELECTOR = YES;
				GCC_WARN_UNINITIALIZED_AUTOS = YES_AGGRESSIVE;
				GCC_WARN_UNUSED_FUNCTION = YES;
				GCC_WARN_UNUSED_VARIABLE = YES;
				IPHONEOS_DEPLOYMENT_TARGET = 16.4;
				MTL_ENABLE_DEBUG_INFO = NO;
				MTL_FAST_MATH = YES;
				SDKROOT = iphoneos;
				SWIFT_COMPILATION_MODE = wholemodule;
				SWIFT_OPTIMIZATION_LEVEL = "-O";
				VALIDATE_PRODUCT = YES;
			};
			name = Release;
		};
		B67A1A5D2A6FBDAF0089F063 /* Debug */ = {
			isa = XCBuildConfiguration;
			buildSettings = {
				ASSETCATALOG_COMPILER_APPICON_NAME = AppIcon;
				ASSETCATALOG_COMPILER_GLOBAL_ACCENT_COLOR_NAME = AccentColor;
				CODE_SIGN_STYLE = Automatic;
				CURRENT_PROJECT_VERSION = 1;
				DEVELOPMENT_TEAM = HL89CPH3NA;
				GENERATE_INFOPLIST_FILE = YES;
				INFOPLIST_FILE = OhMyMood/Info.plist;
				INFOPLIST_KEY_UIApplicationSupportsIndirectInputEvents = YES;
				INFOPLIST_KEY_UILaunchStoryboardName = LaunchScreen;
				INFOPLIST_KEY_UIMainStoryboardFile = Main;
				INFOPLIST_KEY_UISupportedInterfaceOrientations_iPad = "UIInterfaceOrientationPortrait UIInterfaceOrientationPortraitUpsideDown UIInterfaceOrientationLandscapeLeft UIInterfaceOrientationLandscapeRight";
				INFOPLIST_KEY_UISupportedInterfaceOrientations_iPhone = "UIInterfaceOrientationPortrait UIInterfaceOrientationLandscapeLeft UIInterfaceOrientationLandscapeRight";
				LD_RUNPATH_SEARCH_PATHS = (
					"$(inherited)",
					"@executable_path/Frameworks",
				);
				MARKETING_VERSION = 1.0;
				PRODUCT_BUNDLE_IDENTIFIER = com.walkerhilla.OhMyMood;
				PRODUCT_NAME = "$(TARGET_NAME)";
				SWIFT_EMIT_LOC_STRINGS = YES;
				SWIFT_VERSION = 5.0;
				TARGETED_DEVICE_FAMILY = "1,2";
			};
			name = Debug;
		};
		B67A1A5E2A6FBDAF0089F063 /* Release */ = {
			isa = XCBuildConfiguration;
			buildSettings = {
				ASSETCATALOG_COMPILER_APPICON_NAME = AppIcon;
				ASSETCATALOG_COMPILER_GLOBAL_ACCENT_COLOR_NAME = AccentColor;
				CODE_SIGN_STYLE = Automatic;
				CURRENT_PROJECT_VERSION = 1;
				DEVELOPMENT_TEAM = HL89CPH3NA;
				GENERATE_INFOPLIST_FILE = YES;
				INFOPLIST_FILE = OhMyMood/Info.plist;
				INFOPLIST_KEY_UIApplicationSupportsIndirectInputEvents = YES;
				INFOPLIST_KEY_UILaunchStoryboardName = LaunchScreen;
				INFOPLIST_KEY_UIMainStoryboardFile = Main;
				INFOPLIST_KEY_UISupportedInterfaceOrientations_iPad = "UIInterfaceOrientationPortrait UIInterfaceOrientationPortraitUpsideDown UIInterfaceOrientationLandscapeLeft UIInterfaceOrientationLandscapeRight";
				INFOPLIST_KEY_UISupportedInterfaceOrientations_iPhone = "UIInterfaceOrientationPortrait UIInterfaceOrientationLandscapeLeft UIInterfaceOrientationLandscapeRight";
				LD_RUNPATH_SEARCH_PATHS = (
					"$(inherited)",
					"@executable_path/Frameworks",
				);
				MARKETING_VERSION = 1.0;
				PRODUCT_BUNDLE_IDENTIFIER = com.walkerhilla.OhMyMood;
				PRODUCT_NAME = "$(TARGET_NAME)";
				SWIFT_EMIT_LOC_STRINGS = YES;
				SWIFT_VERSION = 5.0;
				TARGETED_DEVICE_FAMILY = "1,2";
			};
			name = Release;
		};
/* End XCBuildConfiguration section */

/* Begin XCConfigurationList section */
		B67A1A432A6FBDAE0089F063 /* Build configuration list for PBXProject "OhMyMood" */ = {
			isa = XCConfigurationList;
			buildConfigurations = (
				B67A1A5A2A6FBDAF0089F063 /* Debug */,
				B67A1A5B2A6FBDAF0089F063 /* Release */,
			);
			defaultConfigurationIsVisible = 0;
			defaultConfigurationName = Release;
		};
		B67A1A5C2A6FBDAF0089F063 /* Build configuration list for PBXNativeTarget "OhMyMood" */ = {
			isa = XCConfigurationList;
			buildConfigurations = (
				B67A1A5D2A6FBDAF0089F063 /* Debug */,
				B67A1A5E2A6FBDAF0089F063 /* Release */,
			);
			defaultConfigurationIsVisible = 0;
			defaultConfigurationName = Release;
		};
/* End XCConfigurationList section */
	};
	rootObject = B67A1A402A6FBDAE0089F063 /* Project object */;
}
