// !$*UTF8*$!
{
	archiveVersion = 1;
	classes = {
	};
	objectVersion = 56;
	objects = {

/* Begin PBXBuildFile section */
		B6D27E4D2A828BC800A51AF2 /* SwiftyJSON in Frameworks */ = {isa = PBXBuildFile; productRef = B6D27E4C2A828BC800A51AF2 /* SwiftyJSON */; };
		B6D27E502A828BF800A51AF2 /* Alamofire in Frameworks */ = {isa = PBXBuildFile; productRef = B6D27E4F2A828BF800A51AF2 /* Alamofire */; };
		B6D27E532A828D5700A51AF2 /* Kingfisher in Frameworks */ = {isa = PBXBuildFile; productRef = B6D27E522A828D5700A51AF2 /* Kingfisher */; };
		B6D27E552A8292DB00A51AF2 /* BeerTableViewController.swift in Sources */ = {isa = PBXBuildFile; fileRef = B6D27E542A8292DB00A51AF2 /* BeerTableViewController.swift */; };
		B6D27E582A82949D00A51AF2 /* BeerTableViewCell.swift in Sources */ = {isa = PBXBuildFile; fileRef = B6D27E562A82949D00A51AF2 /* BeerTableViewCell.swift */; };
		B6D27E592A82949D00A51AF2 /* BeerTableViewCell.xib in Resources */ = {isa = PBXBuildFile; fileRef = B6D27E572A82949D00A51AF2 /* BeerTableViewCell.xib */; };
		B6D27E5B2A8294A400A51AF2 /* Beer.swift in Sources */ = {isa = PBXBuildFile; fileRef = B6D27E5A2A8294A400A51AF2 /* Beer.swift */; };
		B6EC43BE2A8283F7001E1867 /* AppDelegate.swift in Sources */ = {isa = PBXBuildFile; fileRef = B6EC43BD2A8283F7001E1867 /* AppDelegate.swift */; };
		B6EC43C02A8283F7001E1867 /* SceneDelegate.swift in Sources */ = {isa = PBXBuildFile; fileRef = B6EC43BF2A8283F7001E1867 /* SceneDelegate.swift */; };
		B6EC43C22A8283F7001E1867 /* ViewController.swift in Sources */ = {isa = PBXBuildFile; fileRef = B6EC43C12A8283F7001E1867 /* ViewController.swift */; };
		B6EC43C52A8283F7001E1867 /* Main.storyboard in Resources */ = {isa = PBXBuildFile; fileRef = B6EC43C32A8283F7001E1867 /* Main.storyboard */; };
		B6EC43C72A8283F8001E1867 /* Assets.xcassets in Resources */ = {isa = PBXBuildFile; fileRef = B6EC43C62A8283F8001E1867 /* Assets.xcassets */; };
		B6EC43CA2A8283F8001E1867 /* LaunchScreen.storyboard in Resources */ = {isa = PBXBuildFile; fileRef = B6EC43C82A8283F8001E1867 /* LaunchScreen.storyboard */; };
/* End PBXBuildFile section */

/* Begin PBXFileReference section */
		B6D27E542A8292DB00A51AF2 /* BeerTableViewController.swift */ = {isa = PBXFileReference; lastKnownFileType = sourcecode.swift; path = BeerTableViewController.swift; sourceTree = "<group>"; };
		B6D27E562A82949D00A51AF2 /* BeerTableViewCell.swift */ = {isa = PBXFileReference; lastKnownFileType = sourcecode.swift; path = BeerTableViewCell.swift; sourceTree = "<group>"; };
		B6D27E572A82949D00A51AF2 /* BeerTableViewCell.xib */ = {isa = PBXFileReference; lastKnownFileType = file.xib; path = BeerTableViewCell.xib; sourceTree = "<group>"; };
		B6D27E5A2A8294A400A51AF2 /* Beer.swift */ = {isa = PBXFileReference; lastKnownFileType = sourcecode.swift; path = Beer.swift; sourceTree = "<group>"; };
		B6EC43BA2A8283F7001E1867 /* Beer API.app */ = {isa = PBXFileReference; explicitFileType = wrapper.application; includeInIndex = 0; path = "Beer API.app"; sourceTree = BUILT_PRODUCTS_DIR; };
		B6EC43BD2A8283F7001E1867 /* AppDelegate.swift */ = {isa = PBXFileReference; lastKnownFileType = sourcecode.swift; path = AppDelegate.swift; sourceTree = "<group>"; };
		B6EC43BF2A8283F7001E1867 /* SceneDelegate.swift */ = {isa = PBXFileReference; lastKnownFileType = sourcecode.swift; path = SceneDelegate.swift; sourceTree = "<group>"; };
		B6EC43C12A8283F7001E1867 /* ViewController.swift */ = {isa = PBXFileReference; lastKnownFileType = sourcecode.swift; path = ViewController.swift; sourceTree = "<group>"; };
		B6EC43C42A8283F7001E1867 /* Base */ = {isa = PBXFileReference; lastKnownFileType = file.storyboard; name = Base; path = Base.lproj/Main.storyboard; sourceTree = "<group>"; };
		B6EC43C62A8283F8001E1867 /* Assets.xcassets */ = {isa = PBXFileReference; lastKnownFileType = folder.assetcatalog; path = Assets.xcassets; sourceTree = "<group>"; };
		B6EC43C92A8283F8001E1867 /* Base */ = {isa = PBXFileReference; lastKnownFileType = file.storyboard; name = Base; path = Base.lproj/LaunchScreen.storyboard; sourceTree = "<group>"; };
		B6EC43CB2A8283F8001E1867 /* Info.plist */ = {isa = PBXFileReference; lastKnownFileType = text.plist.xml; path = Info.plist; sourceTree = "<group>"; };
/* End PBXFileReference section */

/* Begin PBXFrameworksBuildPhase section */
		B6EC43B72A8283F7001E1867 /* Frameworks */ = {
			isa = PBXFrameworksBuildPhase;
			buildActionMask = 2147483647;
			files = (
				B6D27E532A828D5700A51AF2 /* Kingfisher in Frameworks */,
				B6D27E4D2A828BC800A51AF2 /* SwiftyJSON in Frameworks */,
				B6D27E502A828BF800A51AF2 /* Alamofire in Frameworks */,
			);
			runOnlyForDeploymentPostprocessing = 0;
		};
/* End PBXFrameworksBuildPhase section */

/* Begin PBXGroup section */
		B6EC43B12A8283F7001E1867 = {
			isa = PBXGroup;
			children = (
				B6EC43BC2A8283F7001E1867 /* Beer API */,
				B6EC43BB2A8283F7001E1867 /* Products */,
			);
			sourceTree = "<group>";
		};
		B6EC43BB2A8283F7001E1867 /* Products */ = {
			isa = PBXGroup;
			children = (
				B6EC43BA2A8283F7001E1867 /* Beer API.app */,
			);
			name = Products;
			sourceTree = "<group>";
		};
		B6EC43BC2A8283F7001E1867 /* Beer API */ = {
			isa = PBXGroup;
			children = (
				B6EC43BD2A8283F7001E1867 /* AppDelegate.swift */,
				B6EC43BF2A8283F7001E1867 /* SceneDelegate.swift */,
				B6EC43C12A8283F7001E1867 /* ViewController.swift */,
				B6D27E542A8292DB00A51AF2 /* BeerTableViewController.swift */,
				B6EC43C32A8283F7001E1867 /* Main.storyboard */,
				B6EC43C62A8283F8001E1867 /* Assets.xcassets */,
				B6EC43C82A8283F8001E1867 /* LaunchScreen.storyboard */,
				B6EC43CB2A8283F8001E1867 /* Info.plist */,
				B6D27E562A82949D00A51AF2 /* BeerTableViewCell.swift */,
				B6D27E572A82949D00A51AF2 /* BeerTableViewCell.xib */,
				B6D27E5A2A8294A400A51AF2 /* Beer.swift */,
			);
			path = "Beer API";
			sourceTree = "<group>";
		};
/* End PBXGroup section */

/* Begin PBXNativeTarget section */
		B6EC43B92A8283F7001E1867 /* Beer API */ = {
			isa = PBXNativeTarget;
			buildConfigurationList = B6EC43CE2A8283F8001E1867 /* Build configuration list for PBXNativeTarget "Beer API" */;
			buildPhases = (
				B6EC43B62A8283F7001E1867 /* Sources */,
				B6EC43B72A8283F7001E1867 /* Frameworks */,
				B6EC43B82A8283F7001E1867 /* Resources */,
			);
			buildRules = (
			);
			dependencies = (
			);
			name = "Beer API";
			packageProductDependencies = (
				B6D27E4C2A828BC800A51AF2 /* SwiftyJSON */,
				B6D27E4F2A828BF800A51AF2 /* Alamofire */,
				B6D27E522A828D5700A51AF2 /* Kingfisher */,
			);
			productName = "Beer API";
			productReference = B6EC43BA2A8283F7001E1867 /* Beer API.app */;
			productType = "com.apple.product-type.application";
		};
/* End PBXNativeTarget section */

/* Begin PBXProject section */
		B6EC43B22A8283F7001E1867 /* Project object */ = {
			isa = PBXProject;
			attributes = {
				BuildIndependentTargetsInParallel = 1;
				LastSwiftUpdateCheck = 1430;
				LastUpgradeCheck = 1430;
				TargetAttributes = {
					B6EC43B92A8283F7001E1867 = {
						CreatedOnToolsVersion = 14.3.1;
					};
				};
			};
			buildConfigurationList = B6EC43B52A8283F7001E1867 /* Build configuration list for PBXProject "Beer API" */;
			compatibilityVersion = "Xcode 14.0";
			developmentRegion = en;
			hasScannedForEncodings = 0;
			knownRegions = (
				en,
				Base,
			);
			mainGroup = B6EC43B12A8283F7001E1867;
			packageReferences = (
				B6D27E4B2A828BC800A51AF2 /* XCRemoteSwiftPackageReference "SwiftyJSON" */,
				B6D27E4E2A828BF800A51AF2 /* XCRemoteSwiftPackageReference "Alamofire" */,
				B6D27E512A828D5700A51AF2 /* XCRemoteSwiftPackageReference "Kingfisher" */,
			);
			productRefGroup = B6EC43BB2A8283F7001E1867 /* Products */;
			projectDirPath = "";
			projectRoot = "";
			targets = (
				B6EC43B92A8283F7001E1867 /* Beer API */,
			);
		};
/* End PBXProject section */

/* Begin PBXResourcesBuildPhase section */
		B6EC43B82A8283F7001E1867 /* Resources */ = {
			isa = PBXResourcesBuildPhase;
			buildActionMask = 2147483647;
			files = (
				B6EC43CA2A8283F8001E1867 /* LaunchScreen.storyboard in Resources */,
				B6EC43C72A8283F8001E1867 /* Assets.xcassets in Resources */,
				B6EC43C52A8283F7001E1867 /* Main.storyboard in Resources */,
				B6D27E592A82949D00A51AF2 /* BeerTableViewCell.xib in Resources */,
			);
			runOnlyForDeploymentPostprocessing = 0;
		};
/* End PBXResourcesBuildPhase section */

/* Begin PBXSourcesBuildPhase section */
		B6EC43B62A8283F7001E1867 /* Sources */ = {
			isa = PBXSourcesBuildPhase;
			buildActionMask = 2147483647;
			files = (
				B6EC43C22A8283F7001E1867 /* ViewController.swift in Sources */,
				B6D27E5B2A8294A400A51AF2 /* Beer.swift in Sources */,
				B6D27E552A8292DB00A51AF2 /* BeerTableViewController.swift in Sources */,
				B6EC43BE2A8283F7001E1867 /* AppDelegate.swift in Sources */,
				B6EC43C02A8283F7001E1867 /* SceneDelegate.swift in Sources */,
				B6D27E582A82949D00A51AF2 /* BeerTableViewCell.swift in Sources */,
			);
			runOnlyForDeploymentPostprocessing = 0;
		};
/* End PBXSourcesBuildPhase section */

/* Begin PBXVariantGroup section */
		B6EC43C32A8283F7001E1867 /* Main.storyboard */ = {
			isa = PBXVariantGroup;
			children = (
				B6EC43C42A8283F7001E1867 /* Base */,
			);
			name = Main.storyboard;
			sourceTree = "<group>";
		};
		B6EC43C82A8283F8001E1867 /* LaunchScreen.storyboard */ = {
			isa = PBXVariantGroup;
			children = (
				B6EC43C92A8283F8001E1867 /* Base */,
			);
			name = LaunchScreen.storyboard;
			sourceTree = "<group>";
		};
/* End PBXVariantGroup section */

/* Begin XCBuildConfiguration section */
		B6EC43CC2A8283F8001E1867 /* Debug */ = {
			isa = XCBuildConfiguration;
			buildSettings = {
				ALWAYS_SEARCH_USER_PATHS = NO;
				CLANG_ANALYZER_NONNULL = YES;
				CLANG_ANALYZER_NUMBER_OBJECT_CONVERSION = YES_AGGRESSIVE;
				CLANG_CXX_LANGUAGE_STANDARD = "gnu++20";
				CLANG_ENABLE_MODULES = YES;
				CLANG_ENABLE_OBJC_ARC = YES;
				CLANG_ENABLE_OBJC_WEAK = YES;
				CLANG_WARN_BLOCK_CAPTURE_AUTORELEASING = YES;
				CLANG_WARN_BOOL_CONVERSION = YES;
				CLANG_WARN_COMMA = YES;
				CLANG_WARN_CONSTANT_CONVERSION = YES;
				CLANG_WARN_DEPRECATED_OBJC_IMPLEMENTATIONS = YES;
				CLANG_WARN_DIRECT_OBJC_ISA_USAGE = YES_ERROR;
				CLANG_WARN_DOCUMENTATION_COMMENTS = YES;
				CLANG_WARN_EMPTY_BODY = YES;
				CLANG_WARN_ENUM_CONVERSION = YES;
				CLANG_WARN_INFINITE_RECURSION = YES;
				CLANG_WARN_INT_CONVERSION = YES;
				CLANG_WARN_NON_LITERAL_NULL_CONVERSION = YES;
				CLANG_WARN_OBJC_IMPLICIT_RETAIN_SELF = YES;
				CLANG_WARN_OBJC_LITERAL_CONVERSION = YES;
				CLANG_WARN_OBJC_ROOT_CLASS = YES_ERROR;
				CLANG_WARN_QUOTED_INCLUDE_IN_FRAMEWORK_HEADER = YES;
				CLANG_WARN_RANGE_LOOP_ANALYSIS = YES;
				CLANG_WARN_STRICT_PROTOTYPES = YES;
				CLANG_WARN_SUSPICIOUS_MOVE = YES;
				CLANG_WARN_UNGUARDED_AVAILABILITY = YES_AGGRESSIVE;
				CLANG_WARN_UNREACHABLE_CODE = YES;
				CLANG_WARN__DUPLICATE_METHOD_MATCH = YES;
				COPY_PHASE_STRIP = NO;
				DEBUG_INFORMATION_FORMAT = dwarf;
				ENABLE_STRICT_OBJC_MSGSEND = YES;
				ENABLE_TESTABILITY = YES;
				GCC_C_LANGUAGE_STANDARD = gnu11;
				GCC_DYNAMIC_NO_PIC = NO;
				GCC_NO_COMMON_BLOCKS = YES;
				GCC_OPTIMIZATION_LEVEL = 0;
				GCC_PREPROCESSOR_DEFINITIONS = (
					"DEBUG=1",
					"$(inherited)",
				);
				GCC_WARN_64_TO_32_BIT_CONVERSION = YES;
				GCC_WARN_ABOUT_RETURN_TYPE = YES_ERROR;
				GCC_WARN_UNDECLARED_SELECTOR = YES;
				GCC_WARN_UNINITIALIZED_AUTOS = YES_AGGRESSIVE;
				GCC_WARN_UNUSED_FUNCTION = YES;
				GCC_WARN_UNUSED_VARIABLE = YES;
				IPHONEOS_DEPLOYMENT_TARGET = 16.4;
				MTL_ENABLE_DEBUG_INFO = INCLUDE_SOURCE;
				MTL_FAST_MATH = YES;
				ONLY_ACTIVE_ARCH = YES;
				SDKROOT = iphoneos;
				SWIFT_ACTIVE_COMPILATION_CONDITIONS = DEBUG;
				SWIFT_OPTIMIZATION_LEVEL = "-Onone";
			};
			name = Debug;
		};
		B6EC43CD2A8283F8001E1867 /* Release */ = {
			isa = XCBuildConfiguration;
			buildSettings = {
				ALWAYS_SEARCH_USER_PATHS = NO;
				CLANG_ANALYZER_NONNULL = YES;
				CLANG_ANALYZER_NUMBER_OBJECT_CONVERSION = YES_AGGRESSIVE;
				CLANG_CXX_LANGUAGE_STANDARD = "gnu++20";
				CLANG_ENABLE_MODULES = YES;
				CLANG_ENABLE_OBJC_ARC = YES;
				CLANG_ENABLE_OBJC_WEAK = YES;
				CLANG_WARN_BLOCK_CAPTURE_AUTORELEASING = YES;
				CLANG_WARN_BOOL_CONVERSION = YES;
				CLANG_WARN_COMMA = YES;
				CLANG_WARN_CONSTANT_CONVERSION = YES;
				CLANG_WARN_DEPRECATED_OBJC_IMPLEMENTATIONS = YES;
				CLANG_WARN_DIRECT_OBJC_ISA_USAGE = YES_ERROR;
				CLANG_WARN_DOCUMENTATION_COMMENTS = YES;
				CLANG_WARN_EMPTY_BODY = YES;
				CLANG_WARN_ENUM_CONVERSION = YES;
				CLANG_WARN_INFINITE_RECURSION = YES;
				CLANG_WARN_INT_CONVERSION = YES;
				CLANG_WARN_NON_LITERAL_NULL_CONVERSION = YES;
				CLANG_WARN_OBJC_IMPLICIT_RETAIN_SELF = YES;
				CLANG_WARN_OBJC_LITERAL_CONVERSION = YES;
				CLANG_WARN_OBJC_ROOT_CLASS = YES_ERROR;
				CLANG_WARN_QUOTED_INCLUDE_IN_FRAMEWORK_HEADER = YES;
				CLANG_WARN_RANGE_LOOP_ANALYSIS = YES;
				CLANG_WARN_STRICT_PROTOTYPES = YES;
				CLANG_WARN_SUSPICIOUS_MOVE = YES;
				CLANG_WARN_UNGUARDED_AVAILABILITY = YES_AGGRESSIVE;
				CLANG_WARN_UNREACHABLE_CODE = YES;
				CLANG_WARN__DUPLICATE_METHOD_MATCH = YES;
				COPY_PHASE_STRIP = NO;
				DEBUG_INFORMATION_FORMAT = "dwarf-with-dsym";
				ENABLE_NS_ASSERTIONS = NO;
				ENABLE_STRICT_OBJC_MSGSEND = YES;
				GCC_C_LANGUAGE_STANDARD = gnu11;
				GCC_NO_COMMON_BLOCKS = YES;
				GCC_WARN_64_TO_32_BIT_CONVERSION = YES;
				GCC_WARN_ABOUT_RETURN_TYPE = YES_ERROR;
				GCC_WARN_UNDECLARED_SELECTOR = YES;
				GCC_WARN_UNINITIALIZED_AUTOS = YES_AGGRESSIVE;
				GCC_WARN_UNUSED_FUNCTION = YES;
				GCC_WARN_UNUSED_VARIABLE = YES;
				IPHONEOS_DEPLOYMENT_TARGET = 16.4;
				MTL_ENABLE_DEBUG_INFO = NO;
				MTL_FAST_MATH = YES;
				SDKROOT = iphoneos;
				SWIFT_COMPILATION_MODE = wholemodule;
				SWIFT_OPTIMIZATION_LEVEL = "-O";
				VALIDATE_PRODUCT = YES;
			};
			name = Release;
		};
		B6EC43CF2A8283F8001E1867 /* Debug */ = {
			isa = XCBuildConfiguration;
			buildSettings = {
				ASSETCATALOG_COMPILER_APPICON_NAME = AppIcon;
				ASSETCATALOG_COMPILER_GLOBAL_ACCENT_COLOR_NAME = AccentColor;
				CODE_SIGN_STYLE = Automatic;
				CURRENT_PROJECT_VERSION = 1;
				DEVELOPMENT_TEAM = HL89CPH3NA;
				GENERATE_INFOPLIST_FILE = YES;
				INFOPLIST_FILE = "Beer API/Info.plist";
				INFOPLIST_KEY_UIApplicationSupportsIndirectInputEvents = YES;
				INFOPLIST_KEY_UILaunchStoryboardName = LaunchScreen;
				INFOPLIST_KEY_UIMainStoryboardFile = Main;
				INFOPLIST_KEY_UISupportedInterfaceOrientations = UIInterfaceOrientationPortrait;
				INFOPLIST_KEY_UISupportedInterfaceOrientations_iPad = "UIInterfaceOrientationLandscapeLeft UIInterfaceOrientationLandscapeRight UIInterfaceOrientationPortrait UIInterfaceOrientationPortraitUpsideDown";
				IPHONEOS_DEPLOYMENT_TARGET = 15.0;
				LD_RUNPATH_SEARCH_PATHS = (
					"$(inherited)",
					"@executable_path/Frameworks",
				);
				MARKETING_VERSION = 1.0;
				PRODUCT_BUNDLE_IDENTIFIER = "com.walkerhilla.Beer-API";
				PRODUCT_NAME = "$(TARGET_NAME)";
				SUPPORTED_PLATFORMS = "iphoneos iphonesimulator";
				SUPPORTS_MACCATALYST = NO;
				SUPPORTS_MAC_DESIGNED_FOR_IPHONE_IPAD = NO;
				SWIFT_EMIT_LOC_STRINGS = YES;
				SWIFT_VERSION = 5.0;
				TARGETED_DEVICE_FAMILY = 1;
			};
			name = Debug;
		};
		B6EC43D02A8283F8001E1867 /* Release */ = {
			isa = XCBuildConfiguration;
			buildSettings = {
				ASSETCATALOG_COMPILER_APPICON_NAME = AppIcon;
				ASSETCATALOG_COMPILER_GLOBAL_ACCENT_COLOR_NAME = AccentColor;
				CODE_SIGN_STYLE = Automatic;
				CURRENT_PROJECT_VERSION = 1;
				DEVELOPMENT_TEAM = HL89CPH3NA;
				GENERATE_INFOPLIST_FILE = YES;
				INFOPLIST_FILE = "Beer API/Info.plist";
				INFOPLIST_KEY_UIApplicationSupportsIndirectInputEvents = YES;
				INFOPLIST_KEY_UILaunchStoryboardName = LaunchScreen;
				INFOPLIST_KEY_UIMainStoryboardFile = Main;
				INFOPLIST_KEY_UISupportedInterfaceOrientations = UIInterfaceOrientationPortrait;
				INFOPLIST_KEY_UISupportedInterfaceOrientations_iPad = "UIInterfaceOrientationLandscapeLeft UIInterfaceOrientationLandscapeRight UIInterfaceOrientationPortrait UIInterfaceOrientationPortraitUpsideDown";
				IPHONEOS_DEPLOYMENT_TARGET = 15.0;
				LD_RUNPATH_SEARCH_PATHS = (
					"$(inherited)",
					"@executable_path/Frameworks",
				);
				MARKETING_VERSION = 1.0;
				PRODUCT_BUNDLE_IDENTIFIER = "com.walkerhilla.Beer-API";
				PRODUCT_NAME = "$(TARGET_NAME)";
				SUPPORTED_PLATFORMS = "iphoneos iphonesimulator";
				SUPPORTS_MACCATALYST = NO;
				SUPPORTS_MAC_DESIGNED_FOR_IPHONE_IPAD = NO;
				SWIFT_EMIT_LOC_STRINGS = YES;
				SWIFT_VERSION = 5.0;
				TARGETED_DEVICE_FAMILY = 1;
			};
			name = Release;
		};
/* End XCBuildConfiguration section */

/* Begin XCConfigurationList section */
		B6EC43B52A8283F7001E1867 /* Build configuration list for PBXProject "Beer API" */ = {
			isa = XCConfigurationList;
			buildConfigurations = (
				B6EC43CC2A8283F8001E1867 /* Debug */,
				B6EC43CD2A8283F8001E1867 /* Release */,
			);
			defaultConfigurationIsVisible = 0;
			defaultConfigurationName = Release;
		};
		B6EC43CE2A8283F8001E1867 /* Build configuration list for PBXNativeTarget "Beer API" */ = {
			isa = XCConfigurationList;
			buildConfigurations = (
				B6EC43CF2A8283F8001E1867 /* Debug */,
				B6EC43D02A8283F8001E1867 /* Release */,
			);
			defaultConfigurationIsVisible = 0;
			defaultConfigurationName = Release;
		};
/* End XCConfigurationList section */

/* Begin XCRemoteSwiftPackageReference section */
		B6D27E4B2A828BC800A51AF2 /* XCRemoteSwiftPackageReference "SwiftyJSON" */ = {
			isa = XCRemoteSwiftPackageReference;
			repositoryURL = "git@github.com:SwiftyJSON/SwiftyJSON.git";
			requirement = {
				kind = upToNextMajorVersion;
				minimumVersion = 5.0.0;
			};
		};
		B6D27E4E2A828BF800A51AF2 /* XCRemoteSwiftPackageReference "Alamofire" */ = {
			isa = XCRemoteSwiftPackageReference;
			repositoryURL = "git@github.com:Alamofire/Alamofire.git";
			requirement = {
				kind = upToNextMajorVersion;
				minimumVersion = 5.0.0;
			};
		};
		B6D27E512A828D5700A51AF2 /* XCRemoteSwiftPackageReference "Kingfisher" */ = {
			isa = XCRemoteSwiftPackageReference;
			repositoryURL = "git@github.com:onevcat/Kingfisher.git";
			requirement = {
				kind = upToNextMajorVersion;
				minimumVersion = 7.0.0;
			};
		};
/* End XCRemoteSwiftPackageReference section */

/* Begin XCSwiftPackageProductDependency section */
		B6D27E4C2A828BC800A51AF2 /* SwiftyJSON */ = {
			isa = XCSwiftPackageProductDependency;
			package = B6D27E4B2A828BC800A51AF2 /* XCRemoteSwiftPackageReference "SwiftyJSON" */;
			productName = SwiftyJSON;
		};
		B6D27E4F2A828BF800A51AF2 /* Alamofire */ = {
			isa = XCSwiftPackageProductDependency;
			package = B6D27E4E2A828BF800A51AF2 /* XCRemoteSwiftPackageReference "Alamofire" */;
			productName = Alamofire;
		};
		B6D27E522A828D5700A51AF2 /* Kingfisher */ = {
			isa = XCSwiftPackageProductDependency;
			package = B6D27E512A828D5700A51AF2 /* XCRemoteSwiftPackageReference "Kingfisher" */;
			productName = Kingfisher;
		};
/* End XCSwiftPackageProductDependency section */
	};
	rootObject = B6EC43B22A8283F7001E1867 /* Project object */;
}
